// !$*UTF8*$!
{
	archiveVersion = 1;
	classes = {
	};
	objectVersion = 50;
	objects = {

/* Begin PBXBuildFile section */
		68FC71DB272542440098BCE5 /* AppDelegate.swift in Sources */ = {isa = PBXBuildFile; fileRef = 68FC71DA272542440098BCE5 /* AppDelegate.swift */; };
		68FC71DD272542440098BCE5 /* SceneDelegate.swift in Sources */ = {isa = PBXBuildFile; fileRef = 68FC71DC272542440098BCE5 /* SceneDelegate.swift */; };
		68FC71DF272542440098BCE5 /* ViewController.swift in Sources */ = {isa = PBXBuildFile; fileRef = 68FC71DE272542440098BCE5 /* ViewController.swift */; };
		68FC71E2272542440098BCE5 /* Main.storyboard in Resources */ = {isa = PBXBuildFile; fileRef = 68FC71E0272542440098BCE5 /* Main.storyboard */; };
		68FC71E4272542440098BCE5 /* Assets.xcassets in Resources */ = {isa = PBXBuildFile; fileRef = 68FC71E3272542440098BCE5 /* Assets.xcassets */; };
		68FC71E7272542440098BCE5 /* LaunchScreen.storyboard in Resources */ = {isa = PBXBuildFile; fileRef = 68FC71E5272542440098BCE5 /* LaunchScreen.storyboard */; };
		68FC71F3272546B50098BCE5 /* record.png in Resources */ = {isa = PBXBuildFile; fileRef = 68FC71EE272546B50098BCE5 /* record.png */; };
		68FC71F4272546B50098BCE5 /* pause.png in Resources */ = {isa = PBXBuildFile; fileRef = 68FC71EF272546B50098BCE5 /* pause.png */; };
		68FC71F5272546B50098BCE5 /* stop.png in Resources */ = {isa = PBXBuildFile; fileRef = 68FC71F0272546B50098BCE5 /* stop.png */; };
		68FC71F6272546B50098BCE5 /* play.png in Resources */ = {isa = PBXBuildFile; fileRef = 68FC71F1272546B50098BCE5 /* play.png */; };
		68FC71F7272546B50098BCE5 /* Sicilian_Breeze.mp3 in Resources */ = {isa = PBXBuildFile; fileRef = 68FC71F2272546B50098BCE5 /* Sicilian_Breeze.mp3 */; };
/* End PBXBuildFile section */

/* Begin PBXFileReference section */
		68FC71D7272542440098BCE5 /* Audio.app */ = {isa = PBXFileReference; explicitFileType = wrapper.application; includeInIndex = 0; path = Audio.app; sourceTree = BUILT_PRODUCTS_DIR; };
		68FC71DA272542440098BCE5 /* AppDelegate.swift */ = {isa = PBXFileReference; lastKnownFileType = sourcecode.swift; path = AppDelegate.swift; sourceTree = "<group>"; };
		68FC71DC272542440098BCE5 /* SceneDelegate.swift */ = {isa = PBXFileReference; lastKnownFileType = sourcecode.swift; path = SceneDelegate.swift; sourceTree = "<group>"; };
		68FC71DE272542440098BCE5 /* ViewController.swift */ = {isa = PBXFileReference; lastKnownFileType = sourcecode.swift; path = ViewController.swift; sourceTree = "<group>"; };
		68FC71E1272542440098BCE5 /* Base */ = {isa = PBXFileReference; lastKnownFileType = file.storyboard; name = Base; path = Base.lproj/Main.storyboard; sourceTree = "<group>"; };
		68FC71E3272542440098BCE5 /* Assets.xcassets */ = {isa = PBXFileReference; lastKnownFileType = folder.assetcatalog; path = Assets.xcassets; sourceTree = "<group>"; };
		68FC71E6272542440098BCE5 /* Base */ = {isa = PBXFileReference; lastKnownFileType = file.storyboard; name = Base; path = Base.lproj/LaunchScreen.storyboard; sourceTree = "<group>"; };
		68FC71E8272542440098BCE5 /* Info.plist */ = {isa = PBXFileReference; lastKnownFileType = text.plist.xml; path = Info.plist; sourceTree = "<group>"; };
		68FC71EE272546B50098BCE5 /* record.png */ = {isa = PBXFileReference; lastKnownFileType = image.png; path = record.png; sourceTree = "<group>"; };
		68FC71EF272546B50098BCE5 /* pause.png */ = {isa = PBXFileReference; lastKnownFileType = image.png; path = pause.png; sourceTree = "<group>"; };
		68FC71F0272546B50098BCE5 /* stop.png */ = {isa = PBXFileReference; lastKnownFileType = image.png; path = stop.png; sourceTree = "<group>"; };
		68FC71F1272546B50098BCE5 /* play.png */ = {isa = PBXFileReference; lastKnownFileType = image.png; path = play.png; sourceTree = "<group>"; };
		68FC71F2272546B50098BCE5 /* Sicilian_Breeze.mp3 */ = {isa = PBXFileReference; lastKnownFileType = audio.mp3; path = Sicilian_Breeze.mp3; sourceTree = "<group>"; };
/* End PBXFileReference section */

/* Begin PBXFrameworksBuildPhase section */
		68FC71D4272542440098BCE5 /* Frameworks */ = {
			isa = PBXFrameworksBuildPhase;
			buildActionMask = 2147483647;
			files = (
			);
			runOnlyForDeploymentPostprocessing = 0;
		};
/* End PBXFrameworksBuildPhase section */

/* Begin PBXGroup section */
		68FC71CE272542440098BCE5 = {
			isa = PBXGroup;
			children = (
				68FC71D9272542440098BCE5 /* Audio */,
				68FC71D8272542440098BCE5 /* Products */,
			);
			sourceTree = "<group>";
		};
		68FC71D8272542440098BCE5 /* Products */ = {
			isa = PBXGroup;
			children = (
				68FC71D7272542440098BCE5 /* Audio.app */,
			);
			name = Products;
			sourceTree = "<group>";
		};
		68FC71D9272542440098BCE5 /* Audio */ = {
			isa = PBXGroup;
			children = (
				68FC71F8272546C20098BCE5 /* util */,
				68FC71DA272542440098BCE5 /* AppDelegate.swift */,
				68FC71DC272542440098BCE5 /* SceneDelegate.swift */,
				68FC71DE272542440098BCE5 /* ViewController.swift */,
				68FC71E0272542440098BCE5 /* Main.storyboard */,
				68FC71E3272542440098BCE5 /* Assets.xcassets */,
				68FC71E5272542440098BCE5 /* LaunchScreen.storyboard */,
				68FC71E8272542440098BCE5 /* Info.plist */,
			);
			path = Audio;
			sourceTree = "<group>";
		};
		68FC71F8272546C20098BCE5 /* util */ = {
			isa = PBXGroup;
			children = (
				68FC71EF272546B50098BCE5 /* pause.png */,
				68FC71F1272546B50098BCE5 /* play.png */,
				68FC71EE272546B50098BCE5 /* record.png */,
				68FC71F2272546B50098BCE5 /* Sicilian_Breeze.mp3 */,
				68FC71F0272546B50098BCE5 /* stop.png */,
			);
			path = util;
			sourceTree = "<group>";
		};
/* End PBXGroup section */

/* Begin PBXNativeTarget section */
		68FC71D6272542440098BCE5 /* Audio */ = {
			isa = PBXNativeTarget;
			buildConfigurationList = 68FC71EB272542440098BCE5 /* Build configuration list for PBXNativeTarget "Audio" */;
			buildPhases = (
				68FC71D3272542440098BCE5 /* Sources */,
				68FC71D4272542440098BCE5 /* Frameworks */,
				68FC71D5272542440098BCE5 /* Resources */,
			);
			buildRules = (
			);
			dependencies = (
			);
			name = Audio;
			productName = Audio;
			productReference = 68FC71D7272542440098BCE5 /* Audio.app */;
			productType = "com.apple.product-type.application";
		};
/* End PBXNativeTarget section */

/* Begin PBXProject section */
		68FC71CF272542440098BCE5 /* Project object */ = {
			isa = PBXProject;
			attributes = {
				LastSwiftUpdateCheck = 1250;
				LastUpgradeCheck = 1250;
				TargetAttributes = {
					68FC71D6272542440098BCE5 = {
						CreatedOnToolsVersion = 12.5;
					};
				};
			};
			buildConfigurationList = 68FC71D2272542440098BCE5 /* Build configuration list for PBXProject "Audio" */;
			compatibilityVersion = "Xcode 9.3";
			developmentRegion = en;
			hasScannedForEncodings = 0;
			knownRegions = (
				en,
				Base,
			);
			mainGroup = 68FC71CE272542440098BCE5;
			productRefGroup = 68FC71D8272542440098BCE5 /* Products */;
			projectDirPath = "";
			projectRoot = "";
			targets = (
				68FC71D6272542440098BCE5 /* Audio */,
			);
		};
/* End PBXProject section */

/* Begin PBXResourcesBuildPhase section */
		68FC71D5272542440098BCE5 /* Resources */ = {
			isa = PBXResourcesBuildPhase;
			buildActionMask = 2147483647;
			files = (
				68FC71F6272546B50098BCE5 /* play.png in Resources */,
				68FC71F7272546B50098BCE5 /* Sicilian_Breeze.mp3 in Resources */,
				68FC71F3272546B50098BCE5 /* record.png in Resources */,
				68FC71E7272542440098BCE5 /* LaunchScreen.storyboard in Resources */,
				68FC71F4272546B50098BCE5 /* pause.png in Resources */,
				68FC71E4272542440098BCE5 /* Assets.xcassets in Resources */,
				68FC71E2272542440098BCE5 /* Main.storyboard in Resources */,
				68FC71F5272546B50098BCE5 /* stop.png in Resources */,
			);
			runOnlyForDeploymentPostprocessing = 0;
		};
/* End PBXResourcesBuildPhase section */

/* Begin PBXSourcesBuildPhase section */
		68FC71D3272542440098BCE5 /* Sources */ = {
			isa = PBXSourcesBuildPhase;
			buildActionMask = 2147483647;
			files = (
				68FC71DF272542440098BCE5 /* ViewController.swift in Sources */,
				68FC71DB272542440098BCE5 /* AppDelegate.swift in Sources */,
				68FC71DD272542440098BCE5 /* SceneDelegate.swift in Sources */,
			);
			runOnlyForDeploymentPostprocessing = 0;
		};
/* End PBXSourcesBuildPhase section */

/* Begin PBXVariantGroup section */
		68FC71E0272542440098BCE5 /* Main.storyboard */ = {
			isa = PBXVariantGroup;
			children = (
				68FC71E1272542440098BCE5 /* Base */,
			);
			name = Main.storyboard;
			sourceTree = "<group>";
		};
		68FC71E5272542440098BCE5 /* LaunchScreen.storyboard */ = {
			isa = PBXVariantGroup;
			children = (
				68FC71E6272542440098BCE5 /* Base */,
			);
			name = LaunchScreen.storyboard;
			sourceTree = "<group>";
		};
/* End PBXVariantGroup section */

/* Begin XCBuildConfiguration section */
		68FC71E9272542440098BCE5 /* Debug */ = {
			isa = XCBuildConfiguration;
			buildSettings = {
				ALWAYS_SEARCH_USER_PATHS = NO;
				CLANG_ANALYZER_NONNULL = YES;
				CLANG_ANALYZER_NUMBER_OBJECT_CONVERSION = YES_AGGRESSIVE;
				CLANG_CXX_LANGUAGE_STANDARD = "gnu++14";
				CLANG_CXX_LIBRARY = "libc++";
				CLANG_ENABLE_MODULES = YES;
				CLANG_ENABLE_OBJC_ARC = YES;
				CLANG_ENABLE_OBJC_WEAK = YES;
				CLANG_WARN_BLOCK_CAPTURE_AUTORELEASING = YES;
				CLANG_WARN_BOOL_CONVERSION = YES;
				CLANG_WARN_COMMA = YES;
				CLANG_WARN_CONSTANT_CONVERSION = YES;
				CLANG_WARN_DEPRECATED_OBJC_IMPLEMENTATIONS = YES;
				CLANG_WARN_DIRECT_OBJC_ISA_USAGE = YES_ERROR;
				CLANG_WARN_DOCUMENTATION_COMMENTS = YES;
				CLANG_WARN_EMPTY_BODY = YES;
				CLANG_WARN_ENUM_CONVERSION = YES;
				CLANG_WARN_INFINITE_RECURSION = YES;
				CLANG_WARN_INT_CONVERSION = YES;
				CLANG_WARN_NON_LITERAL_NULL_CONVERSION = YES;
				CLANG_WARN_OBJC_IMPLICIT_RETAIN_SELF = YES;
				CLANG_WARN_OBJC_LITERAL_CONVERSION = YES;
				CLANG_WARN_OBJC_ROOT_CLASS = YES_ERROR;
				CLANG_WARN_QUOTED_INCLUDE_IN_FRAMEWORK_HEADER = YES;
				CLANG_WARN_RANGE_LOOP_ANALYSIS = YES;
				CLANG_WARN_STRICT_PROTOTYPES = YES;
				CLANG_WARN_SUSPICIOUS_MOVE = YES;
				CLANG_WARN_UNGUARDED_AVAILABILITY = YES_AGGRESSIVE;
				CLANG_WARN_UNREACHABLE_CODE = YES;
				CLANG_WARN__DUPLICATE_METHOD_MATCH = YES;
				COPY_PHASE_STRIP = NO;
				DEBUG_INFORMATION_FORMAT = dwarf;
				ENABLE_STRICT_OBJC_MSGSEND = YES;
				ENABLE_TESTABILITY = YES;
				GCC_C_LANGUAGE_STANDARD = gnu11;
				GCC_DYNAMIC_NO_PIC = NO;
				GCC_NO_COMMON_BLOCKS = YES;
				GCC_OPTIMIZATION_LEVEL = 0;
				GCC_PREPROCESSOR_DEFINITIONS = (
					"DEBUG=1",
					"$(inherited)",
				);
				GCC_WARN_64_TO_32_BIT_CONVERSION = YES;
				GCC_WARN_ABOUT_RETURN_TYPE = YES_ERROR;
				GCC_WARN_UNDECLARED_SELECTOR = YES;
				GCC_WARN_UNINITIALIZED_AUTOS = YES_AGGRESSIVE;
				GCC_WARN_UNUSED_FUNCTION = YES;
				GCC_WARN_UNUSED_VARIABLE = YES;
				IPHONEOS_DEPLOYMENT_TARGET = 14.5;
				MTL_ENABLE_DEBUG_INFO = INCLUDE_SOURCE;
				MTL_FAST_MATH = YES;
				ONLY_ACTIVE_ARCH = YES;
				SDKROOT = iphoneos;
				SWIFT_ACTIVE_COMPILATION_CONDITIONS = DEBUG;
				SWIFT_OPTIMIZATION_LEVEL = "-Onone";
			};
			name = Debug;
		};
		68FC71EA272542440098BCE5 /* Release */ = {
			isa = XCBuildConfiguration;
			buildSettings = {
				ALWAYS_SEARCH_USER_PATHS = NO;
				CLANG_ANALYZER_NONNULL = YES;
				CLANG_ANALYZER_NUMBER_OBJECT_CONVERSION = YES_AGGRESSIVE;
				CLANG_CXX_LANGUAGE_STANDARD = "gnu++14";
				CLANG_CXX_LIBRARY = "libc++";
				CLANG_ENABLE_MODULES = YES;
				CLANG_ENABLE_OBJC_ARC = YES;
				CLANG_ENABLE_OBJC_WEAK = YES;
				CLANG_WARN_BLOCK_CAPTURE_AUTORELEASING = YES;
				CLANG_WARN_BOOL_CONVERSION = YES;
				CLANG_WARN_COMMA = YES;
				CLANG_WARN_CONSTANT_CONVERSION = YES;
				CLANG_WARN_DEPRECATED_OBJC_IMPLEMENTATIONS = YES;
				CLANG_WARN_DIRECT_OBJC_ISA_USAGE = YES_ERROR;
				CLANG_WARN_DOCUMENTATION_COMMENTS = YES;
				CLANG_WARN_EMPTY_BODY = YES;
				CLANG_WARN_ENUM_CONVERSION = YES;
				CLANG_WARN_INFINITE_RECURSION = YES;
				CLANG_WARN_INT_CONVERSION = YES;
				CLANG_WARN_NON_LITERAL_NULL_CONVERSION = YES;
				CLANG_WARN_OBJC_IMPLICIT_RETAIN_SELF = YES;
				CLANG_WARN_OBJC_LITERAL_CONVERSION = YES;
				CLANG_WARN_OBJC_ROOT_CLASS = YES_ERROR;
				CLANG_WARN_QUOTED_INCLUDE_IN_FRAMEWORK_HEADER = YES;
				CLANG_WARN_RANGE_LOOP_ANALYSIS = YES;
				CLANG_WARN_STRICT_PROTOTYPES = YES;
				CLANG_WARN_SUSPICIOUS_MOVE = YES;
				CLANG_WARN_UNGUARDED_AVAILABILITY = YES_AGGRESSIVE;
				CLANG_WARN_UNREACHABLE_CODE = YES;
				CLANG_WARN__DUPLICATE_METHOD_MATCH = YES;
				COPY_PHASE_STRIP = NO;
				DEBUG_INFORMATION_FORMAT = "dwarf-with-dsym";
				ENABLE_NS_ASSERTIONS = NO;
				ENABLE_STRICT_OBJC_MSGSEND = YES;
				GCC_C_LANGUAGE_STANDARD = gnu11;
				GCC_NO_COMMON_BLOCKS = YES;
				GCC_WARN_64_TO_32_BIT_CONVERSION = YES;
				GCC_WARN_ABOUT_RETURN_TYPE = YES_ERROR;
				GCC_WARN_UNDECLARED_SELECTOR = YES;
				GCC_WARN_UNINITIALIZED_AUTOS = YES_AGGRESSIVE;
				GCC_WARN_UNUSED_FUNCTION = YES;
				GCC_WARN_UNUSED_VARIABLE = YES;
				IPHONEOS_DEPLOYMENT_TARGET = 14.5;
				MTL_ENABLE_DEBUG_INFO = NO;
				MTL_FAST_MATH = YES;
				SDKROOT = iphoneos;
				SWIFT_COMPILATION_MODE = wholemodule;
				SWIFT_OPTIMIZATION_LEVEL = "-O";
				VALIDATE_PRODUCT = YES;
			};
			name = Release;
		};
		68FC71EC272542440098BCE5 /* Debug */ = {
			isa = XCBuildConfiguration;
			buildSettings = {
				ASSETCATALOG_COMPILER_APPICON_NAME = AppIcon;
				ASSETCATALOG_COMPILER_GLOBAL_ACCENT_COLOR_NAME = AccentColor;
				CODE_SIGN_STYLE = Automatic;
				DEVELOPMENT_TEAM = X2BFJ3XDTG;
				INFOPLIST_FILE = Audio/Info.plist;
				LD_RUNPATH_SEARCH_PATHS = (
					"$(inherited)",
					"@executable_path/Frameworks",
				);
				PRODUCT_BUNDLE_IDENTIFIER = com.inooph.Audio;
				PRODUCT_NAME = "$(TARGET_NAME)";
				SWIFT_VERSION = 5.0;
				TARGETED_DEVICE_FAMILY = "1,2";
			};
			name = Debug;
		};
		68FC71ED272542440098BCE5 /* Release */ = {
			isa = XCBuildConfiguration;
			buildSettings = {
				ASSETCATALOG_COMPILER_APPICON_NAME = AppIcon;
				ASSETCATALOG_COMPILER_GLOBAL_ACCENT_COLOR_NAME = AccentColor;
				CODE_SIGN_STYLE = Automatic;
				DEVELOPMENT_TEAM = X2BFJ3XDTG;
				INFOPLIST_FILE = Audio/Info.plist;
				LD_RUNPATH_SEARCH_PATHS = (
					"$(inherited)",
					"@executable_path/Frameworks",
				);
				PRODUCT_BUNDLE_IDENTIFIER = com.inooph.Audio;
				PRODUCT_NAME = "$(TARGET_NAME)";
				SWIFT_VERSION = 5.0;
				TARGETED_DEVICE_FAMILY = "1,2";
			};
			name = Release;
		};
/* End XCBuildConfiguration section */

/* Begin XCConfigurationList section */
		68FC71D2272542440098BCE5 /* Build configuration list for PBXProject "Audio" */ = {
			isa = XCConfigurationList;
			buildConfigurations = (
				68FC71E9272542440098BCE5 /* Debug */,
				68FC71EA272542440098BCE5 /* Release */,
			);
			defaultConfigurationIsVisible = 0;
			defaultConfigurationName = Release;
		};
		68FC71EB272542440098BCE5 /* Build configuration list for PBXNativeTarget "Audio" */ = {
			isa = XCConfigurationList;
			buildConfigurations = (
				68FC71EC272542440098BCE5 /* Debug */,
				68FC71ED272542440098BCE5 /* Release */,
			);
			defaultConfigurationIsVisible = 0;
			defaultConfigurationName = Release;
		};
/* End XCConfigurationList section */
	};
	rootObject = 68FC71CF272542440098BCE5 /* Project object */;
}
