// !$*UTF8*$!
{
	archiveVersion = 1;
	classes = {
	};
	objectVersion = 50;
	objects = {

/* Begin PBXBuildFile section */
		68BC9614272189F60053ED6A /* AppDelegate.swift in Sources */ = {isa = PBXBuildFile; fileRef = 68BC9613272189F60053ED6A /* AppDelegate.swift */; };
		68BC9616272189F60053ED6A /* SceneDelegate.swift in Sources */ = {isa = PBXBuildFile; fileRef = 68BC9615272189F60053ED6A /* SceneDelegate.swift */; };
		68BC9618272189F60053ED6A /* ViewController.swift in Sources */ = {isa = PBXBuildFile; fileRef = 68BC9617272189F60053ED6A /* ViewController.swift */; };
		68BC961B272189F60053ED6A /* Main.storyboard in Resources */ = {isa = PBXBuildFile; fileRef = 68BC9619272189F60053ED6A /* Main.storyboard */; };
		68BC961D272189F70053ED6A /* Assets.xcassets in Resources */ = {isa = PBXBuildFile; fileRef = 68BC961C272189F70053ED6A /* Assets.xcassets */; };
		68BC9620272189F70053ED6A /* LaunchScreen.storyboard in Resources */ = {isa = PBXBuildFile; fileRef = 68BC961E272189F70053ED6A /* LaunchScreen.storyboard */; };
		68BC962B272189F70053ED6A /* ImageViewTests.swift in Sources */ = {isa = PBXBuildFile; fileRef = 68BC962A272189F70053ED6A /* ImageViewTests.swift */; };
		68BC9636272189F70053ED6A /* ImageViewUITests.swift in Sources */ = {isa = PBXBuildFile; fileRef = 68BC9635272189F70053ED6A /* ImageViewUITests.swift */; };
		68BC965127218AE70053ED6A /* lamp_on.png in Resources */ = {isa = PBXBuildFile; fileRef = 68BC964F27218AE70053ED6A /* lamp_on.png */; };
		68BC965227218AE70053ED6A /* lamp_off.png in Resources */ = {isa = PBXBuildFile; fileRef = 68BC965027218AE70053ED6A /* lamp_off.png */; };
/* End PBXBuildFile section */

/* Begin PBXContainerItemProxy section */
		68BC9627272189F70053ED6A /* PBXContainerItemProxy */ = {
			isa = PBXContainerItemProxy;
			containerPortal = 68BC9608272189F60053ED6A /* Project object */;
			proxyType = 1;
			remoteGlobalIDString = 68BC960F272189F60053ED6A;
			remoteInfo = ImageView;
		};
		68BC9632272189F70053ED6A /* PBXContainerItemProxy */ = {
			isa = PBXContainerItemProxy;
			containerPortal = 68BC9608272189F60053ED6A /* Project object */;
			proxyType = 1;
			remoteGlobalIDString = 68BC960F272189F60053ED6A;
			remoteInfo = ImageView;
		};
/* End PBXContainerItemProxy section */

/* Begin PBXFileReference section */
		68BC9610272189F60053ED6A /* ImageView.app */ = {isa = PBXFileReference; explicitFileType = wrapper.application; includeInIndex = 0; path = ImageView.app; sourceTree = BUILT_PRODUCTS_DIR; };
		68BC9613272189F60053ED6A /* AppDelegate.swift */ = {isa = PBXFileReference; lastKnownFileType = sourcecode.swift; path = AppDelegate.swift; sourceTree = "<group>"; };
		68BC9615272189F60053ED6A /* SceneDelegate.swift */ = {isa = PBXFileReference; lastKnownFileType = sourcecode.swift; path = SceneDelegate.swift; sourceTree = "<group>"; };
		68BC9617272189F60053ED6A /* ViewController.swift */ = {isa = PBXFileReference; lastKnownFileType = sourcecode.swift; path = ViewController.swift; sourceTree = "<group>"; };
		68BC961A272189F60053ED6A /* Base */ = {isa = PBXFileReference; lastKnownFileType = file.storyboard; name = Base; path = Base.lproj/Main.storyboard; sourceTree = "<group>"; };
		68BC961C272189F70053ED6A /* Assets.xcassets */ = {isa = PBXFileReference; lastKnownFileType = folder.assetcatalog; path = Assets.xcassets; sourceTree = "<group>"; };
		68BC961F272189F70053ED6A /* Base */ = {isa = PBXFileReference; lastKnownFileType = file.storyboard; name = Base; path = Base.lproj/LaunchScreen.storyboard; sourceTree = "<group>"; };
		68BC9621272189F70053ED6A /* Info.plist */ = {isa = PBXFileReference; lastKnownFileType = text.plist.xml; path = Info.plist; sourceTree = "<group>"; };
		68BC9626272189F70053ED6A /* ImageViewTests.xctest */ = {isa = PBXFileReference; explicitFileType = wrapper.cfbundle; includeInIndex = 0; path = ImageViewTests.xctest; sourceTree = BUILT_PRODUCTS_DIR; };
		68BC962A272189F70053ED6A /* ImageViewTests.swift */ = {isa = PBXFileReference; lastKnownFileType = sourcecode.swift; path = ImageViewTests.swift; sourceTree = "<group>"; };
		68BC962C272189F70053ED6A /* Info.plist */ = {isa = PBXFileReference; lastKnownFileType = text.plist.xml; path = Info.plist; sourceTree = "<group>"; };
		68BC9631272189F70053ED6A /* ImageViewUITests.xctest */ = {isa = PBXFileReference; explicitFileType = wrapper.cfbundle; includeInIndex = 0; path = ImageViewUITests.xctest; sourceTree = BUILT_PRODUCTS_DIR; };
		68BC9635272189F70053ED6A /* ImageViewUITests.swift */ = {isa = PBXFileReference; lastKnownFileType = sourcecode.swift; path = ImageViewUITests.swift; sourceTree = "<group>"; };
		68BC9637272189F70053ED6A /* Info.plist */ = {isa = PBXFileReference; lastKnownFileType = text.plist.xml; path = Info.plist; sourceTree = "<group>"; };
		68BC964F27218AE70053ED6A /* lamp_on.png */ = {isa = PBXFileReference; lastKnownFileType = image.png; path = lamp_on.png; sourceTree = SOURCE_ROOT; };
		68BC965027218AE70053ED6A /* lamp_off.png */ = {isa = PBXFileReference; lastKnownFileType = image.png; path = lamp_off.png; sourceTree = SOURCE_ROOT; };
/* End PBXFileReference section */

/* Begin PBXFrameworksBuildPhase section */
		68BC960D272189F60053ED6A /* Frameworks */ = {
			isa = PBXFrameworksBuildPhase;
			buildActionMask = 2147483647;
			files = (
			);
			runOnlyForDeploymentPostprocessing = 0;
		};
		68BC9623272189F70053ED6A /* Frameworks */ = {
			isa = PBXFrameworksBuildPhase;
			buildActionMask = 2147483647;
			files = (
			);
			runOnlyForDeploymentPostprocessing = 0;
		};
		68BC962E272189F70053ED6A /* Frameworks */ = {
			isa = PBXFrameworksBuildPhase;
			buildActionMask = 2147483647;
			files = (
			);
			runOnlyForDeploymentPostprocessing = 0;
		};
/* End PBXFrameworksBuildPhase section */

/* Begin PBXGroup section */
		68BC9607272189F60053ED6A = {
			isa = PBXGroup;
			children = (
				68BC9612272189F60053ED6A /* ImageView */,
				68BC9629272189F70053ED6A /* ImageViewTests */,
				68BC9634272189F70053ED6A /* ImageViewUITests */,
				68BC9611272189F60053ED6A /* Products */,
			);
			sourceTree = "<group>";
		};
		68BC9611272189F60053ED6A /* Products */ = {
			isa = PBXGroup;
			children = (
				68BC9610272189F60053ED6A /* ImageView.app */,
				68BC9626272189F70053ED6A /* ImageViewTests.xctest */,
				68BC9631272189F70053ED6A /* ImageViewUITests.xctest */,
			);
			name = Products;
			sourceTree = "<group>";
		};
		68BC9612272189F60053ED6A /* ImageView */ = {
			isa = PBXGroup;
			children = (
				68BC9613272189F60053ED6A /* AppDelegate.swift */,
				68BC9615272189F60053ED6A /* SceneDelegate.swift */,
				68BC9617272189F60053ED6A /* ViewController.swift */,
				68BC9619272189F60053ED6A /* Main.storyboard */,
				68BC961C272189F70053ED6A /* Assets.xcassets */,
				68BC961E272189F70053ED6A /* LaunchScreen.storyboard */,
				68BC965027218AE70053ED6A /* lamp_off.png */,
				68BC964F27218AE70053ED6A /* lamp_on.png */,
				68BC9621272189F70053ED6A /* Info.plist */,
			);
			path = ImageView;
			sourceTree = "<group>";
		};
		68BC9629272189F70053ED6A /* ImageViewTests */ = {
			isa = PBXGroup;
			children = (
				68BC962A272189F70053ED6A /* ImageViewTests.swift */,
				68BC962C272189F70053ED6A /* Info.plist */,
			);
			path = ImageViewTests;
			sourceTree = "<group>";
		};
		68BC9634272189F70053ED6A /* ImageViewUITests */ = {
			isa = PBXGroup;
			children = (
				68BC9635272189F70053ED6A /* ImageViewUITests.swift */,
				68BC9637272189F70053ED6A /* Info.plist */,
			);
			path = ImageViewUITests;
			sourceTree = "<group>";
		};
/* End PBXGroup section */

/* Begin PBXNativeTarget section */
		68BC960F272189F60053ED6A /* ImageView */ = {
			isa = PBXNativeTarget;
			buildConfigurationList = 68BC963A272189F70053ED6A /* Build configuration list for PBXNativeTarget "ImageView" */;
			buildPhases = (
				68BC960C272189F60053ED6A /* Sources */,
				68BC960D272189F60053ED6A /* Frameworks */,
				68BC960E272189F60053ED6A /* Resources */,
			);
			buildRules = (
			);
			dependencies = (
			);
			name = ImageView;
			productName = ImageView;
			productReference = 68BC9610272189F60053ED6A /* ImageView.app */;
			productType = "com.apple.product-type.application";
		};
		68BC9625272189F70053ED6A /* ImageViewTests */ = {
			isa = PBXNativeTarget;
			buildConfigurationList = 68BC963D272189F70053ED6A /* Build configuration list for PBXNativeTarget "ImageViewTests" */;
			buildPhases = (
				68BC9622272189F70053ED6A /* Sources */,
				68BC9623272189F70053ED6A /* Frameworks */,
				68BC9624272189F70053ED6A /* Resources */,
			);
			buildRules = (
			);
			dependencies = (
				68BC9628272189F70053ED6A /* PBXTargetDependency */,
			);
			name = ImageViewTests;
			productName = ImageViewTests;
			productReference = 68BC9626272189F70053ED6A /* ImageViewTests.xctest */;
			productType = "com.apple.product-type.bundle.unit-test";
		};
		68BC9630272189F70053ED6A /* ImageViewUITests */ = {
			isa = PBXNativeTarget;
			buildConfigurationList = 68BC9640272189F70053ED6A /* Build configuration list for PBXNativeTarget "ImageViewUITests" */;
			buildPhases = (
				68BC962D272189F70053ED6A /* Sources */,
				68BC962E272189F70053ED6A /* Frameworks */,
				68BC962F272189F70053ED6A /* Resources */,
			);
			buildRules = (
			);
			dependencies = (
				68BC9633272189F70053ED6A /* PBXTargetDependency */,
			);
			name = ImageViewUITests;
			productName = ImageViewUITests;
			productReference = 68BC9631272189F70053ED6A /* ImageViewUITests.xctest */;
			productType = "com.apple.product-type.bundle.ui-testing";
		};
/* End PBXNativeTarget section */

/* Begin PBXProject section */
		68BC9608272189F60053ED6A /* Project object */ = {
			isa = PBXProject;
			attributes = {
				LastSwiftUpdateCheck = 1250;
				LastUpgradeCheck = 1250;
				TargetAttributes = {
					68BC960F272189F60053ED6A = {
						CreatedOnToolsVersion = 12.5;
					};
					68BC9625272189F70053ED6A = {
						CreatedOnToolsVersion = 12.5;
						TestTargetID = 68BC960F272189F60053ED6A;
					};
					68BC9630272189F70053ED6A = {
						CreatedOnToolsVersion = 12.5;
						TestTargetID = 68BC960F272189F60053ED6A;
					};
				};
			};
			buildConfigurationList = 68BC960B272189F60053ED6A /* Build configuration list for PBXProject "ImageView" */;
			compatibilityVersion = "Xcode 9.3";
			developmentRegion = en;
			hasScannedForEncodings = 0;
			knownRegions = (
				en,
				Base,
			);
			mainGroup = 68BC9607272189F60053ED6A;
			productRefGroup = 68BC9611272189F60053ED6A /* Products */;
			projectDirPath = "";
			projectRoot = "";
			targets = (
				68BC960F272189F60053ED6A /* ImageView */,
				68BC9625272189F70053ED6A /* ImageViewTests */,
				68BC9630272189F70053ED6A /* ImageViewUITests */,
			);
		};
/* End PBXProject section */

/* Begin PBXResourcesBuildPhase section */
		68BC960E272189F60053ED6A /* Resources */ = {
			isa = PBXResourcesBuildPhase;
			buildActionMask = 2147483647;
			files = (
				68BC965127218AE70053ED6A /* lamp_on.png in Resources */,
				68BC9620272189F70053ED6A /* LaunchScreen.storyboard in Resources */,
				68BC965227218AE70053ED6A /* lamp_off.png in Resources */,
				68BC961D272189F70053ED6A /* Assets.xcassets in Resources */,
				68BC961B272189F60053ED6A /* Main.storyboard in Resources */,
			);
			runOnlyForDeploymentPostprocessing = 0;
		};
		68BC9624272189F70053ED6A /* Resources */ = {
			isa = PBXResourcesBuildPhase;
			buildActionMask = 2147483647;
			files = (
			);
			runOnlyForDeploymentPostprocessing = 0;
		};
		68BC962F272189F70053ED6A /* Resources */ = {
			isa = PBXResourcesBuildPhase;
			buildActionMask = 2147483647;
			files = (
			);
			runOnlyForDeploymentPostprocessing = 0;
		};
/* End PBXResourcesBuildPhase section */

/* Begin PBXSourcesBuildPhase section */
		68BC960C272189F60053ED6A /* Sources */ = {
			isa = PBXSourcesBuildPhase;
			buildActionMask = 2147483647;
			files = (
				68BC9618272189F60053ED6A /* ViewController.swift in Sources */,
				68BC9614272189F60053ED6A /* AppDelegate.swift in Sources */,
				68BC9616272189F60053ED6A /* SceneDelegate.swift in Sources */,
			);
			runOnlyForDeploymentPostprocessing = 0;
		};
		68BC9622272189F70053ED6A /* Sources */ = {
			isa = PBXSourcesBuildPhase;
			buildActionMask = 2147483647;
			files = (
				68BC962B272189F70053ED6A /* ImageViewTests.swift in Sources */,
			);
			runOnlyForDeploymentPostprocessing = 0;
		};
		68BC962D272189F70053ED6A /* Sources */ = {
			isa = PBXSourcesBuildPhase;
			buildActionMask = 2147483647;
			files = (
				68BC9636272189F70053ED6A /* ImageViewUITests.swift in Sources */,
			);
			runOnlyForDeploymentPostprocessing = 0;
		};
/* End PBXSourcesBuildPhase section */

/* Begin PBXTargetDependency section */
		68BC9628272189F70053ED6A /* PBXTargetDependency */ = {
			isa = PBXTargetDependency;
			target = 68BC960F272189F60053ED6A /* ImageView */;
			targetProxy = 68BC9627272189F70053ED6A /* PBXContainerItemProxy */;
		};
		68BC9633272189F70053ED6A /* PBXTargetDependency */ = {
			isa = PBXTargetDependency;
			target = 68BC960F272189F60053ED6A /* ImageView */;
			targetProxy = 68BC9632272189F70053ED6A /* PBXContainerItemProxy */;
		};
/* End PBXTargetDependency section */

/* Begin PBXVariantGroup section */
		68BC9619272189F60053ED6A /* Main.storyboard */ = {
			isa = PBXVariantGroup;
			children = (
				68BC961A272189F60053ED6A /* Base */,
			);
			name = Main.storyboard;
			sourceTree = "<group>";
		};
		68BC961E272189F70053ED6A /* LaunchScreen.storyboard */ = {
			isa = PBXVariantGroup;
			children = (
				68BC961F272189F70053ED6A /* Base */,
			);
			name = LaunchScreen.storyboard;
			sourceTree = "<group>";
		};
/* End PBXVariantGroup section */

/* Begin XCBuildConfiguration section */
		68BC9638272189F70053ED6A /* Debug */ = {
			isa = XCBuildConfiguration;
			buildSettings = {
				ALWAYS_SEARCH_USER_PATHS = NO;
				CLANG_ANALYZER_NONNULL = YES;
				CLANG_ANALYZER_NUMBER_OBJECT_CONVERSION = YES_AGGRESSIVE;
				CLANG_CXX_LANGUAGE_STANDARD = "gnu++14";
				CLANG_CXX_LIBRARY = "libc++";
				CLANG_ENABLE_MODULES = YES;
				CLANG_ENABLE_OBJC_ARC = YES;
				CLANG_ENABLE_OBJC_WEAK = YES;
				CLANG_WARN_BLOCK_CAPTURE_AUTORELEASING = YES;
				CLANG_WARN_BOOL_CONVERSION = YES;
				CLANG_WARN_COMMA = YES;
				CLANG_WARN_CONSTANT_CONVERSION = YES;
				CLANG_WARN_DEPRECATED_OBJC_IMPLEMENTATIONS = YES;
				CLANG_WARN_DIRECT_OBJC_ISA_USAGE = YES_ERROR;
				CLANG_WARN_DOCUMENTATION_COMMENTS = YES;
				CLANG_WARN_EMPTY_BODY = YES;
				CLANG_WARN_ENUM_CONVERSION = YES;
				CLANG_WARN_INFINITE_RECURSION = YES;
				CLANG_WARN_INT_CONVERSION = YES;
				CLANG_WARN_NON_LITERAL_NULL_CONVERSION = YES;
				CLANG_WARN_OBJC_IMPLICIT_RETAIN_SELF = YES;
				CLANG_WARN_OBJC_LITERAL_CONVERSION = YES;
				CLANG_WARN_OBJC_ROOT_CLASS = YES_ERROR;
				CLANG_WARN_QUOTED_INCLUDE_IN_FRAMEWORK_HEADER = YES;
				CLANG_WARN_RANGE_LOOP_ANALYSIS = YES;
				CLANG_WARN_STRICT_PROTOTYPES = YES;
				CLANG_WARN_SUSPICIOUS_MOVE = YES;
				CLANG_WARN_UNGUARDED_AVAILABILITY = YES_AGGRESSIVE;
				CLANG_WARN_UNREACHABLE_CODE = YES;
				CLANG_WARN__DUPLICATE_METHOD_MATCH = YES;
				COPY_PHASE_STRIP = NO;
				DEBUG_INFORMATION_FORMAT = dwarf;
				ENABLE_STRICT_OBJC_MSGSEND = YES;
				ENABLE_TESTABILITY = YES;
				GCC_C_LANGUAGE_STANDARD = gnu11;
				GCC_DYNAMIC_NO_PIC = NO;
				GCC_NO_COMMON_BLOCKS = YES;
				GCC_OPTIMIZATION_LEVEL = 0;
				GCC_PREPROCESSOR_DEFINITIONS = (
					"DEBUG=1",
					"$(inherited)",
				);
				GCC_WARN_64_TO_32_BIT_CONVERSION = YES;
				GCC_WARN_ABOUT_RETURN_TYPE = YES_ERROR;
				GCC_WARN_UNDECLARED_SELECTOR = YES;
				GCC_WARN_UNINITIALIZED_AUTOS = YES_AGGRESSIVE;
				GCC_WARN_UNUSED_FUNCTION = YES;
				GCC_WARN_UNUSED_VARIABLE = YES;
				IPHONEOS_DEPLOYMENT_TARGET = 14.5;
				MTL_ENABLE_DEBUG_INFO = INCLUDE_SOURCE;
				MTL_FAST_MATH = YES;
				ONLY_ACTIVE_ARCH = YES;
				SDKROOT = iphoneos;
				SWIFT_ACTIVE_COMPILATION_CONDITIONS = DEBUG;
				SWIFT_OPTIMIZATION_LEVEL = "-Onone";
			};
			name = Debug;
		};
		68BC9639272189F70053ED6A /* Release */ = {
			isa = XCBuildConfiguration;
			buildSettings = {
				ALWAYS_SEARCH_USER_PATHS = NO;
				CLANG_ANALYZER_NONNULL = YES;
				CLANG_ANALYZER_NUMBER_OBJECT_CONVERSION = YES_AGGRESSIVE;
				CLANG_CXX_LANGUAGE_STANDARD = "gnu++14";
				CLANG_CXX_LIBRARY = "libc++";
				CLANG_ENABLE_MODULES = YES;
				CLANG_ENABLE_OBJC_ARC = YES;
				CLANG_ENABLE_OBJC_WEAK = YES;
				CLANG_WARN_BLOCK_CAPTURE_AUTORELEASING = YES;
				CLANG_WARN_BOOL_CONVERSION = YES;
				CLANG_WARN_COMMA = YES;
				CLANG_WARN_CONSTANT_CONVERSION = YES;
				CLANG_WARN_DEPRECATED_OBJC_IMPLEMENTATIONS = YES;
				CLANG_WARN_DIRECT_OBJC_ISA_USAGE = YES_ERROR;
				CLANG_WARN_DOCUMENTATION_COMMENTS = YES;
				CLANG_WARN_EMPTY_BODY = YES;
				CLANG_WARN_ENUM_CONVERSION = YES;
				CLANG_WARN_INFINITE_RECURSION = YES;
				CLANG_WARN_INT_CONVERSION = YES;
				CLANG_WARN_NON_LITERAL_NULL_CONVERSION = YES;
				CLANG_WARN_OBJC_IMPLICIT_RETAIN_SELF = YES;
				CLANG_WARN_OBJC_LITERAL_CONVERSION = YES;
				CLANG_WARN_OBJC_ROOT_CLASS = YES_ERROR;
				CLANG_WARN_QUOTED_INCLUDE_IN_FRAMEWORK_HEADER = YES;
				CLANG_WARN_RANGE_LOOP_ANALYSIS = YES;
				CLANG_WARN_STRICT_PROTOTYPES = YES;
				CLANG_WARN_SUSPICIOUS_MOVE = YES;
				CLANG_WARN_UNGUARDED_AVAILABILITY = YES_AGGRESSIVE;
				CLANG_WARN_UNREACHABLE_CODE = YES;
				CLANG_WARN__DUPLICATE_METHOD_MATCH = YES;
				COPY_PHASE_STRIP = NO;
				DEBUG_INFORMATION_FORMAT = "dwarf-with-dsym";
				ENABLE_NS_ASSERTIONS = NO;
				ENABLE_STRICT_OBJC_MSGSEND = YES;
				GCC_C_LANGUAGE_STANDARD = gnu11;
				GCC_NO_COMMON_BLOCKS = YES;
				GCC_WARN_64_TO_32_BIT_CONVERSION = YES;
				GCC_WARN_ABOUT_RETURN_TYPE = YES_ERROR;
				GCC_WARN_UNDECLARED_SELECTOR = YES;
				GCC_WARN_UNINITIALIZED_AUTOS = YES_AGGRESSIVE;
				GCC_WARN_UNUSED_FUNCTION = YES;
				GCC_WARN_UNUSED_VARIABLE = YES;
				IPHONEOS_DEPLOYMENT_TARGET = 14.5;
				MTL_ENABLE_DEBUG_INFO = NO;
				MTL_FAST_MATH = YES;
				SDKROOT = iphoneos;
				SWIFT_COMPILATION_MODE = wholemodule;
				SWIFT_OPTIMIZATION_LEVEL = "-O";
				VALIDATE_PRODUCT = YES;
			};
			name = Release;
		};
		68BC963B272189F70053ED6A /* Debug */ = {
			isa = XCBuildConfiguration;
			buildSettings = {
				ASSETCATALOG_COMPILER_APPICON_NAME = AppIcon;
				ASSETCATALOG_COMPILER_GLOBAL_ACCENT_COLOR_NAME = AccentColor;
				CODE_SIGN_STYLE = Automatic;
				INFOPLIST_FILE = ImageView/Info.plist;
				LD_RUNPATH_SEARCH_PATHS = (
					"$(inherited)",
					"@executable_path/Frameworks",
				);
				PRODUCT_BUNDLE_IDENTIFIER = com.inooph.ImageView;
				PRODUCT_NAME = "$(TARGET_NAME)";
				SWIFT_VERSION = 5.0;
				TARGETED_DEVICE_FAMILY = "1,2";
			};
			name = Debug;
		};
		68BC963C272189F70053ED6A /* Release */ = {
			isa = XCBuildConfiguration;
			buildSettings = {
				ASSETCATALOG_COMPILER_APPICON_NAME = AppIcon;
				ASSETCATALOG_COMPILER_GLOBAL_ACCENT_COLOR_NAME = AccentColor;
				CODE_SIGN_STYLE = Automatic;
				INFOPLIST_FILE = ImageView/Info.plist;
				LD_RUNPATH_SEARCH_PATHS = (
					"$(inherited)",
					"@executable_path/Frameworks",
				);
				PRODUCT_BUNDLE_IDENTIFIER = com.inooph.ImageView;
				PRODUCT_NAME = "$(TARGET_NAME)";
				SWIFT_VERSION = 5.0;
				TARGETED_DEVICE_FAMILY = "1,2";
			};
			name = Release;
		};
		68BC963E272189F70053ED6A /* Debug */ = {
			isa = XCBuildConfiguration;
			buildSettings = {
				ALWAYS_EMBED_SWIFT_STANDARD_LIBRARIES = YES;
				BUNDLE_LOADER = "$(TEST_HOST)";
				CODE_SIGN_STYLE = Automatic;
				INFOPLIST_FILE = ImageViewTests/Info.plist;
				IPHONEOS_DEPLOYMENT_TARGET = 14.5;
				LD_RUNPATH_SEARCH_PATHS = (
					"$(inherited)",
					"@executable_path/Frameworks",
					"@loader_path/Frameworks",
				);
				PRODUCT_BUNDLE_IDENTIFIER = com.inooph.ImageViewTests;
				PRODUCT_NAME = "$(TARGET_NAME)";
				SWIFT_VERSION = 5.0;
				TARGETED_DEVICE_FAMILY = "1,2";
				TEST_HOST = "$(BUILT_PRODUCTS_DIR)/ImageView.app/ImageView";
			};
			name = Debug;
		};
		68BC963F272189F70053ED6A /* Release */ = {
			isa = XCBuildConfiguration;
			buildSettings = {
				ALWAYS_EMBED_SWIFT_STANDARD_LIBRARIES = YES;
				BUNDLE_LOADER = "$(TEST_HOST)";
				CODE_SIGN_STYLE = Automatic;
				INFOPLIST_FILE = ImageViewTests/Info.plist;
				IPHONEOS_DEPLOYMENT_TARGET = 14.5;
				LD_RUNPATH_SEARCH_PATHS = (
					"$(inherited)",
					"@executable_path/Frameworks",
					"@loader_path/Frameworks",
				);
				PRODUCT_BUNDLE_IDENTIFIER = com.inooph.ImageViewTests;
				PRODUCT_NAME = "$(TARGET_NAME)";
				SWIFT_VERSION = 5.0;
				TARGETED_DEVICE_FAMILY = "1,2";
				TEST_HOST = "$(BUILT_PRODUCTS_DIR)/ImageView.app/ImageView";
			};
			name = Release;
		};
		68BC9641272189F70053ED6A /* Debug */ = {
			isa = XCBuildConfiguration;
			buildSettings = {
				ALWAYS_EMBED_SWIFT_STANDARD_LIBRARIES = YES;
				CODE_SIGN_STYLE = Automatic;
				INFOPLIST_FILE = ImageViewUITests/Info.plist;
				LD_RUNPATH_SEARCH_PATHS = (
					"$(inherited)",
					"@executable_path/Frameworks",
					"@loader_path/Frameworks",
				);
				PRODUCT_BUNDLE_IDENTIFIER = com.inooph.ImageViewUITests;
				PRODUCT_NAME = "$(TARGET_NAME)";
				SWIFT_VERSION = 5.0;
				TARGETED_DEVICE_FAMILY = "1,2";
				TEST_TARGET_NAME = ImageView;
			};
			name = Debug;
		};
		68BC9642272189F70053ED6A /* Release */ = {
			isa = XCBuildConfiguration;
			buildSettings = {
				ALWAYS_EMBED_SWIFT_STANDARD_LIBRARIES = YES;
				CODE_SIGN_STYLE = Automatic;
				INFOPLIST_FILE = ImageViewUITests/Info.plist;
				LD_RUNPATH_SEARCH_PATHS = (
					"$(inherited)",
					"@executable_path/Frameworks",
					"@loader_path/Frameworks",
				);
				PRODUCT_BUNDLE_IDENTIFIER = com.inooph.ImageViewUITests;
				PRODUCT_NAME = "$(TARGET_NAME)";
				SWIFT_VERSION = 5.0;
				TARGETED_DEVICE_FAMILY = "1,2";
				TEST_TARGET_NAME = ImageView;
			};
			name = Release;
		};
/* End XCBuildConfiguration section */

/* Begin XCConfigurationList section */
		68BC960B272189F60053ED6A /* Build configuration list for PBXProject "ImageView" */ = {
			isa = XCConfigurationList;
			buildConfigurations = (
				68BC9638272189F70053ED6A /* Debug */,
				68BC9639272189F70053ED6A /* Release */,
			);
			defaultConfigurationIsVisible = 0;
			defaultConfigurationName = Release;
		};
		68BC963A272189F70053ED6A /* Build configuration list for PBXNativeTarget "ImageView" */ = {
			isa = XCConfigurationList;
			buildConfigurations = (
				68BC963B272189F70053ED6A /* Debug */,
				68BC963C272189F70053ED6A /* Release */,
			);
			defaultConfigurationIsVisible = 0;
			defaultConfigurationName = Release;
		};
		68BC963D272189F70053ED6A /* Build configuration list for PBXNativeTarget "ImageViewTests" */ = {
			isa = XCConfigurationList;
			buildConfigurations = (
				68BC963E272189F70053ED6A /* Debug */,
				68BC963F272189F70053ED6A /* Release */,
			);
			defaultConfigurationIsVisible = 0;
			defaultConfigurationName = Release;
		};
		68BC9640272189F70053ED6A /* Build configuration list for PBXNativeTarget "ImageViewUITests" */ = {
			isa = XCConfigurationList;
			buildConfigurations = (
				68BC9641272189F70053ED6A /* Debug */,
				68BC9642272189F70053ED6A /* Release */,
			);
			defaultConfigurationIsVisible = 0;
			defaultConfigurationName = Release;
		};
/* End XCConfigurationList section */
	};
	rootObject = 68BC9608272189F60053ED6A /* Project object */;
}
