// !$*UTF8*$!
{
	archiveVersion = 1;
	classes = {
	};
	objectVersion = 50;
	objects = {

/* Begin PBXBuildFile section */
		6809612727226E35005A30B0 /* AppDelegate.swift in Sources */ = {isa = PBXBuildFile; fileRef = 6809612627226E35005A30B0 /* AppDelegate.swift */; };
		6809612927226E35005A30B0 /* SceneDelegate.swift in Sources */ = {isa = PBXBuildFile; fileRef = 6809612827226E35005A30B0 /* SceneDelegate.swift */; };
		6809612B27226E35005A30B0 /* ViewController.swift in Sources */ = {isa = PBXBuildFile; fileRef = 6809612A27226E35005A30B0 /* ViewController.swift */; };
		6809612E27226E35005A30B0 /* Main.storyboard in Resources */ = {isa = PBXBuildFile; fileRef = 6809612C27226E35005A30B0 /* Main.storyboard */; };
		6809613027226E36005A30B0 /* Assets.xcassets in Resources */ = {isa = PBXBuildFile; fileRef = 6809612F27226E36005A30B0 /* Assets.xcassets */; };
		6809613327226E36005A30B0 /* LaunchScreen.storyboard in Resources */ = {isa = PBXBuildFile; fileRef = 6809613127226E36005A30B0 /* LaunchScreen.storyboard */; };
		6809613E27226E36005A30B0 /* DatePickerTests.swift in Sources */ = {isa = PBXBuildFile; fileRef = 6809613D27226E36005A30B0 /* DatePickerTests.swift */; };
		6809614927226E36005A30B0 /* DatePickerUITests.swift in Sources */ = {isa = PBXBuildFile; fileRef = 6809614827226E36005A30B0 /* DatePickerUITests.swift */; };
/* End PBXBuildFile section */

/* Begin PBXContainerItemProxy section */
		6809613A27226E36005A30B0 /* PBXContainerItemProxy */ = {
			isa = PBXContainerItemProxy;
			containerPortal = 6809611B27226E35005A30B0 /* Project object */;
			proxyType = 1;
			remoteGlobalIDString = 6809612227226E35005A30B0;
			remoteInfo = DatePicker;
		};
		6809614527226E36005A30B0 /* PBXContainerItemProxy */ = {
			isa = PBXContainerItemProxy;
			containerPortal = 6809611B27226E35005A30B0 /* Project object */;
			proxyType = 1;
			remoteGlobalIDString = 6809612227226E35005A30B0;
			remoteInfo = DatePicker;
		};
/* End PBXContainerItemProxy section */

/* Begin PBXFileReference section */
		6809612327226E35005A30B0 /* DatePicker.app */ = {isa = PBXFileReference; explicitFileType = wrapper.application; includeInIndex = 0; path = DatePicker.app; sourceTree = BUILT_PRODUCTS_DIR; };
		6809612627226E35005A30B0 /* AppDelegate.swift */ = {isa = PBXFileReference; lastKnownFileType = sourcecode.swift; path = AppDelegate.swift; sourceTree = "<group>"; };
		6809612827226E35005A30B0 /* SceneDelegate.swift */ = {isa = PBXFileReference; lastKnownFileType = sourcecode.swift; path = SceneDelegate.swift; sourceTree = "<group>"; };
		6809612A27226E35005A30B0 /* ViewController.swift */ = {isa = PBXFileReference; lastKnownFileType = sourcecode.swift; path = ViewController.swift; sourceTree = "<group>"; };
		6809612D27226E35005A30B0 /* Base */ = {isa = PBXFileReference; lastKnownFileType = file.storyboard; name = Base; path = Base.lproj/Main.storyboard; sourceTree = "<group>"; };
		6809612F27226E36005A30B0 /* Assets.xcassets */ = {isa = PBXFileReference; lastKnownFileType = folder.assetcatalog; path = Assets.xcassets; sourceTree = "<group>"; };
		6809613227226E36005A30B0 /* Base */ = {isa = PBXFileReference; lastKnownFileType = file.storyboard; name = Base; path = Base.lproj/LaunchScreen.storyboard; sourceTree = "<group>"; };
		6809613427226E36005A30B0 /* Info.plist */ = {isa = PBXFileReference; lastKnownFileType = text.plist.xml; path = Info.plist; sourceTree = "<group>"; };
		6809613927226E36005A30B0 /* DatePickerTests.xctest */ = {isa = PBXFileReference; explicitFileType = wrapper.cfbundle; includeInIndex = 0; path = DatePickerTests.xctest; sourceTree = BUILT_PRODUCTS_DIR; };
		6809613D27226E36005A30B0 /* DatePickerTests.swift */ = {isa = PBXFileReference; lastKnownFileType = sourcecode.swift; path = DatePickerTests.swift; sourceTree = "<group>"; };
		6809613F27226E36005A30B0 /* Info.plist */ = {isa = PBXFileReference; lastKnownFileType = text.plist.xml; path = Info.plist; sourceTree = "<group>"; };
		6809614427226E36005A30B0 /* DatePickerUITests.xctest */ = {isa = PBXFileReference; explicitFileType = wrapper.cfbundle; includeInIndex = 0; path = DatePickerUITests.xctest; sourceTree = BUILT_PRODUCTS_DIR; };
		6809614827226E36005A30B0 /* DatePickerUITests.swift */ = {isa = PBXFileReference; lastKnownFileType = sourcecode.swift; path = DatePickerUITests.swift; sourceTree = "<group>"; };
		6809614A27226E36005A30B0 /* Info.plist */ = {isa = PBXFileReference; lastKnownFileType = text.plist.xml; path = Info.plist; sourceTree = "<group>"; };
/* End PBXFileReference section */

/* Begin PBXFrameworksBuildPhase section */
		6809612027226E35005A30B0 /* Frameworks */ = {
			isa = PBXFrameworksBuildPhase;
			buildActionMask = 2147483647;
			files = (
			);
			runOnlyForDeploymentPostprocessing = 0;
		};
		6809613627226E36005A30B0 /* Frameworks */ = {
			isa = PBXFrameworksBuildPhase;
			buildActionMask = 2147483647;
			files = (
			);
			runOnlyForDeploymentPostprocessing = 0;
		};
		6809614127226E36005A30B0 /* Frameworks */ = {
			isa = PBXFrameworksBuildPhase;
			buildActionMask = 2147483647;
			files = (
			);
			runOnlyForDeploymentPostprocessing = 0;
		};
/* End PBXFrameworksBuildPhase section */

/* Begin PBXGroup section */
		6809611A27226E35005A30B0 = {
			isa = PBXGroup;
			children = (
				6809612527226E35005A30B0 /* DatePicker */,
				6809613C27226E36005A30B0 /* DatePickerTests */,
				6809614727226E36005A30B0 /* DatePickerUITests */,
				6809612427226E35005A30B0 /* Products */,
			);
			sourceTree = "<group>";
		};
		6809612427226E35005A30B0 /* Products */ = {
			isa = PBXGroup;
			children = (
				6809612327226E35005A30B0 /* DatePicker.app */,
				6809613927226E36005A30B0 /* DatePickerTests.xctest */,
				6809614427226E36005A30B0 /* DatePickerUITests.xctest */,
			);
			name = Products;
			sourceTree = "<group>";
		};
		6809612527226E35005A30B0 /* DatePicker */ = {
			isa = PBXGroup;
			children = (
				6809612627226E35005A30B0 /* AppDelegate.swift */,
				6809612827226E35005A30B0 /* SceneDelegate.swift */,
				6809612A27226E35005A30B0 /* ViewController.swift */,
				6809612C27226E35005A30B0 /* Main.storyboard */,
				6809612F27226E36005A30B0 /* Assets.xcassets */,
				6809613127226E36005A30B0 /* LaunchScreen.storyboard */,
				6809613427226E36005A30B0 /* Info.plist */,
			);
			path = DatePicker;
			sourceTree = "<group>";
		};
		6809613C27226E36005A30B0 /* DatePickerTests */ = {
			isa = PBXGroup;
			children = (
				6809613D27226E36005A30B0 /* DatePickerTests.swift */,
				6809613F27226E36005A30B0 /* Info.plist */,
			);
			path = DatePickerTests;
			sourceTree = "<group>";
		};
		6809614727226E36005A30B0 /* DatePickerUITests */ = {
			isa = PBXGroup;
			children = (
				6809614827226E36005A30B0 /* DatePickerUITests.swift */,
				6809614A27226E36005A30B0 /* Info.plist */,
			);
			path = DatePickerUITests;
			sourceTree = "<group>";
		};
/* End PBXGroup section */

/* Begin PBXNativeTarget section */
		6809612227226E35005A30B0 /* DatePicker */ = {
			isa = PBXNativeTarget;
			buildConfigurationList = 6809614D27226E36005A30B0 /* Build configuration list for PBXNativeTarget "DatePicker" */;
			buildPhases = (
				6809611F27226E35005A30B0 /* Sources */,
				6809612027226E35005A30B0 /* Frameworks */,
				6809612127226E35005A30B0 /* Resources */,
			);
			buildRules = (
			);
			dependencies = (
			);
			name = DatePicker;
			productName = DatePicker;
			productReference = 6809612327226E35005A30B0 /* DatePicker.app */;
			productType = "com.apple.product-type.application";
		};
		6809613827226E36005A30B0 /* DatePickerTests */ = {
			isa = PBXNativeTarget;
			buildConfigurationList = 6809615027226E36005A30B0 /* Build configuration list for PBXNativeTarget "DatePickerTests" */;
			buildPhases = (
				6809613527226E36005A30B0 /* Sources */,
				6809613627226E36005A30B0 /* Frameworks */,
				6809613727226E36005A30B0 /* Resources */,
			);
			buildRules = (
			);
			dependencies = (
				6809613B27226E36005A30B0 /* PBXTargetDependency */,
			);
			name = DatePickerTests;
			productName = DatePickerTests;
			productReference = 6809613927226E36005A30B0 /* DatePickerTests.xctest */;
			productType = "com.apple.product-type.bundle.unit-test";
		};
		6809614327226E36005A30B0 /* DatePickerUITests */ = {
			isa = PBXNativeTarget;
			buildConfigurationList = 6809615327226E36005A30B0 /* Build configuration list for PBXNativeTarget "DatePickerUITests" */;
			buildPhases = (
				6809614027226E36005A30B0 /* Sources */,
				6809614127226E36005A30B0 /* Frameworks */,
				6809614227226E36005A30B0 /* Resources */,
			);
			buildRules = (
			);
			dependencies = (
				6809614627226E36005A30B0 /* PBXTargetDependency */,
			);
			name = DatePickerUITests;
			productName = DatePickerUITests;
			productReference = 6809614427226E36005A30B0 /* DatePickerUITests.xctest */;
			productType = "com.apple.product-type.bundle.ui-testing";
		};
/* End PBXNativeTarget section */

/* Begin PBXProject section */
		6809611B27226E35005A30B0 /* Project object */ = {
			isa = PBXProject;
			attributes = {
				LastSwiftUpdateCheck = 1250;
				LastUpgradeCheck = 1250;
				TargetAttributes = {
					6809612227226E35005A30B0 = {
						CreatedOnToolsVersion = 12.5;
					};
					6809613827226E36005A30B0 = {
						CreatedOnToolsVersion = 12.5;
						TestTargetID = 6809612227226E35005A30B0;
					};
					6809614327226E36005A30B0 = {
						CreatedOnToolsVersion = 12.5;
						TestTargetID = 6809612227226E35005A30B0;
					};
				};
			};
			buildConfigurationList = 6809611E27226E35005A30B0 /* Build configuration list for PBXProject "DatePicker" */;
			compatibilityVersion = "Xcode 9.3";
			developmentRegion = en;
			hasScannedForEncodings = 0;
			knownRegions = (
				en,
				Base,
			);
			mainGroup = 6809611A27226E35005A30B0;
			productRefGroup = 6809612427226E35005A30B0 /* Products */;
			projectDirPath = "";
			projectRoot = "";
			targets = (
				6809612227226E35005A30B0 /* DatePicker */,
				6809613827226E36005A30B0 /* DatePickerTests */,
				6809614327226E36005A30B0 /* DatePickerUITests */,
			);
		};
/* End PBXProject section */

/* Begin PBXResourcesBuildPhase section */
		6809612127226E35005A30B0 /* Resources */ = {
			isa = PBXResourcesBuildPhase;
			buildActionMask = 2147483647;
			files = (
				6809613327226E36005A30B0 /* LaunchScreen.storyboard in Resources */,
				6809613027226E36005A30B0 /* Assets.xcassets in Resources */,
				6809612E27226E35005A30B0 /* Main.storyboard in Resources */,
			);
			runOnlyForDeploymentPostprocessing = 0;
		};
		6809613727226E36005A30B0 /* Resources */ = {
			isa = PBXResourcesBuildPhase;
			buildActionMask = 2147483647;
			files = (
			);
			runOnlyForDeploymentPostprocessing = 0;
		};
		6809614227226E36005A30B0 /* Resources */ = {
			isa = PBXResourcesBuildPhase;
			buildActionMask = 2147483647;
			files = (
			);
			runOnlyForDeploymentPostprocessing = 0;
		};
/* End PBXResourcesBuildPhase section */

/* Begin PBXSourcesBuildPhase section */
		6809611F27226E35005A30B0 /* Sources */ = {
			isa = PBXSourcesBuildPhase;
			buildActionMask = 2147483647;
			files = (
				6809612B27226E35005A30B0 /* ViewController.swift in Sources */,
				6809612727226E35005A30B0 /* AppDelegate.swift in Sources */,
				6809612927226E35005A30B0 /* SceneDelegate.swift in Sources */,
			);
			runOnlyForDeploymentPostprocessing = 0;
		};
		6809613527226E36005A30B0 /* Sources */ = {
			isa = PBXSourcesBuildPhase;
			buildActionMask = 2147483647;
			files = (
				6809613E27226E36005A30B0 /* DatePickerTests.swift in Sources */,
			);
			runOnlyForDeploymentPostprocessing = 0;
		};
		6809614027226E36005A30B0 /* Sources */ = {
			isa = PBXSourcesBuildPhase;
			buildActionMask = 2147483647;
			files = (
				6809614927226E36005A30B0 /* DatePickerUITests.swift in Sources */,
			);
			runOnlyForDeploymentPostprocessing = 0;
		};
/* End PBXSourcesBuildPhase section */

/* Begin PBXTargetDependency section */
		6809613B27226E36005A30B0 /* PBXTargetDependency */ = {
			isa = PBXTargetDependency;
			target = 6809612227226E35005A30B0 /* DatePicker */;
			targetProxy = 6809613A27226E36005A30B0 /* PBXContainerItemProxy */;
		};
		6809614627226E36005A30B0 /* PBXTargetDependency */ = {
			isa = PBXTargetDependency;
			target = 6809612227226E35005A30B0 /* DatePicker */;
			targetProxy = 6809614527226E36005A30B0 /* PBXContainerItemProxy */;
		};
/* End PBXTargetDependency section */

/* Begin PBXVariantGroup section */
		6809612C27226E35005A30B0 /* Main.storyboard */ = {
			isa = PBXVariantGroup;
			children = (
				6809612D27226E35005A30B0 /* Base */,
			);
			name = Main.storyboard;
			sourceTree = "<group>";
		};
		6809613127226E36005A30B0 /* LaunchScreen.storyboard */ = {
			isa = PBXVariantGroup;
			children = (
				6809613227226E36005A30B0 /* Base */,
			);
			name = LaunchScreen.storyboard;
			sourceTree = "<group>";
		};
/* End PBXVariantGroup section */

/* Begin XCBuildConfiguration section */
		6809614B27226E36005A30B0 /* Debug */ = {
			isa = XCBuildConfiguration;
			buildSettings = {
				ALWAYS_SEARCH_USER_PATHS = NO;
				CLANG_ANALYZER_NONNULL = YES;
				CLANG_ANALYZER_NUMBER_OBJECT_CONVERSION = YES_AGGRESSIVE;
				CLANG_CXX_LANGUAGE_STANDARD = "gnu++14";
				CLANG_CXX_LIBRARY = "libc++";
				CLANG_ENABLE_MODULES = YES;
				CLANG_ENABLE_OBJC_ARC = YES;
				CLANG_ENABLE_OBJC_WEAK = YES;
				CLANG_WARN_BLOCK_CAPTURE_AUTORELEASING = YES;
				CLANG_WARN_BOOL_CONVERSION = YES;
				CLANG_WARN_COMMA = YES;
				CLANG_WARN_CONSTANT_CONVERSION = YES;
				CLANG_WARN_DEPRECATED_OBJC_IMPLEMENTATIONS = YES;
				CLANG_WARN_DIRECT_OBJC_ISA_USAGE = YES_ERROR;
				CLANG_WARN_DOCUMENTATION_COMMENTS = YES;
				CLANG_WARN_EMPTY_BODY = YES;
				CLANG_WARN_ENUM_CONVERSION = YES;
				CLANG_WARN_INFINITE_RECURSION = YES;
				CLANG_WARN_INT_CONVERSION = YES;
				CLANG_WARN_NON_LITERAL_NULL_CONVERSION = YES;
				CLANG_WARN_OBJC_IMPLICIT_RETAIN_SELF = YES;
				CLANG_WARN_OBJC_LITERAL_CONVERSION = YES;
				CLANG_WARN_OBJC_ROOT_CLASS = YES_ERROR;
				CLANG_WARN_QUOTED_INCLUDE_IN_FRAMEWORK_HEADER = YES;
				CLANG_WARN_RANGE_LOOP_ANALYSIS = YES;
				CLANG_WARN_STRICT_PROTOTYPES = YES;
				CLANG_WARN_SUSPICIOUS_MOVE = YES;
				CLANG_WARN_UNGUARDED_AVAILABILITY = YES_AGGRESSIVE;
				CLANG_WARN_UNREACHABLE_CODE = YES;
				CLANG_WARN__DUPLICATE_METHOD_MATCH = YES;
				COPY_PHASE_STRIP = NO;
				DEBUG_INFORMATION_FORMAT = dwarf;
				ENABLE_STRICT_OBJC_MSGSEND = YES;
				ENABLE_TESTABILITY = YES;
				GCC_C_LANGUAGE_STANDARD = gnu11;
				GCC_DYNAMIC_NO_PIC = NO;
				GCC_NO_COMMON_BLOCKS = YES;
				GCC_OPTIMIZATION_LEVEL = 0;
				GCC_PREPROCESSOR_DEFINITIONS = (
					"DEBUG=1",
					"$(inherited)",
				);
				GCC_WARN_64_TO_32_BIT_CONVERSION = YES;
				GCC_WARN_ABOUT_RETURN_TYPE = YES_ERROR;
				GCC_WARN_UNDECLARED_SELECTOR = YES;
				GCC_WARN_UNINITIALIZED_AUTOS = YES_AGGRESSIVE;
				GCC_WARN_UNUSED_FUNCTION = YES;
				GCC_WARN_UNUSED_VARIABLE = YES;
				IPHONEOS_DEPLOYMENT_TARGET = 14.5;
				MTL_ENABLE_DEBUG_INFO = INCLUDE_SOURCE;
				MTL_FAST_MATH = YES;
				ONLY_ACTIVE_ARCH = YES;
				SDKROOT = iphoneos;
				SWIFT_ACTIVE_COMPILATION_CONDITIONS = DEBUG;
				SWIFT_OPTIMIZATION_LEVEL = "-Onone";
			};
			name = Debug;
		};
		6809614C27226E36005A30B0 /* Release */ = {
			isa = XCBuildConfiguration;
			buildSettings = {
				ALWAYS_SEARCH_USER_PATHS = NO;
				CLANG_ANALYZER_NONNULL = YES;
				CLANG_ANALYZER_NUMBER_OBJECT_CONVERSION = YES_AGGRESSIVE;
				CLANG_CXX_LANGUAGE_STANDARD = "gnu++14";
				CLANG_CXX_LIBRARY = "libc++";
				CLANG_ENABLE_MODULES = YES;
				CLANG_ENABLE_OBJC_ARC = YES;
				CLANG_ENABLE_OBJC_WEAK = YES;
				CLANG_WARN_BLOCK_CAPTURE_AUTORELEASING = YES;
				CLANG_WARN_BOOL_CONVERSION = YES;
				CLANG_WARN_COMMA = YES;
				CLANG_WARN_CONSTANT_CONVERSION = YES;
				CLANG_WARN_DEPRECATED_OBJC_IMPLEMENTATIONS = YES;
				CLANG_WARN_DIRECT_OBJC_ISA_USAGE = YES_ERROR;
				CLANG_WARN_DOCUMENTATION_COMMENTS = YES;
				CLANG_WARN_EMPTY_BODY = YES;
				CLANG_WARN_ENUM_CONVERSION = YES;
				CLANG_WARN_INFINITE_RECURSION = YES;
				CLANG_WARN_INT_CONVERSION = YES;
				CLANG_WARN_NON_LITERAL_NULL_CONVERSION = YES;
				CLANG_WARN_OBJC_IMPLICIT_RETAIN_SELF = YES;
				CLANG_WARN_OBJC_LITERAL_CONVERSION = YES;
				CLANG_WARN_OBJC_ROOT_CLASS = YES_ERROR;
				CLANG_WARN_QUOTED_INCLUDE_IN_FRAMEWORK_HEADER = YES;
				CLANG_WARN_RANGE_LOOP_ANALYSIS = YES;
				CLANG_WARN_STRICT_PROTOTYPES = YES;
				CLANG_WARN_SUSPICIOUS_MOVE = YES;
				CLANG_WARN_UNGUARDED_AVAILABILITY = YES_AGGRESSIVE;
				CLANG_WARN_UNREACHABLE_CODE = YES;
				CLANG_WARN__DUPLICATE_METHOD_MATCH = YES;
				COPY_PHASE_STRIP = NO;
				DEBUG_INFORMATION_FORMAT = "dwarf-with-dsym";
				ENABLE_NS_ASSERTIONS = NO;
				ENABLE_STRICT_OBJC_MSGSEND = YES;
				GCC_C_LANGUAGE_STANDARD = gnu11;
				GCC_NO_COMMON_BLOCKS = YES;
				GCC_WARN_64_TO_32_BIT_CONVERSION = YES;
				GCC_WARN_ABOUT_RETURN_TYPE = YES_ERROR;
				GCC_WARN_UNDECLARED_SELECTOR = YES;
				GCC_WARN_UNINITIALIZED_AUTOS = YES_AGGRESSIVE;
				GCC_WARN_UNUSED_FUNCTION = YES;
				GCC_WARN_UNUSED_VARIABLE = YES;
				IPHONEOS_DEPLOYMENT_TARGET = 14.5;
				MTL_ENABLE_DEBUG_INFO = NO;
				MTL_FAST_MATH = YES;
				SDKROOT = iphoneos;
				SWIFT_COMPILATION_MODE = wholemodule;
				SWIFT_OPTIMIZATION_LEVEL = "-O";
				VALIDATE_PRODUCT = YES;
			};
			name = Release;
		};
		6809614E27226E36005A30B0 /* Debug */ = {
			isa = XCBuildConfiguration;
			buildSettings = {
				ASSETCATALOG_COMPILER_APPICON_NAME = AppIcon;
				ASSETCATALOG_COMPILER_GLOBAL_ACCENT_COLOR_NAME = AccentColor;
				CODE_SIGN_STYLE = Automatic;
				INFOPLIST_FILE = DatePicker/Info.plist;
				LD_RUNPATH_SEARCH_PATHS = (
					"$(inherited)",
					"@executable_path/Frameworks",
				);
				PRODUCT_BUNDLE_IDENTIFIER = com.inooph.DatePicker;
				PRODUCT_NAME = "$(TARGET_NAME)";
				SWIFT_VERSION = 5.0;
				TARGETED_DEVICE_FAMILY = "1,2";
			};
			name = Debug;
		};
		6809614F27226E36005A30B0 /* Release */ = {
			isa = XCBuildConfiguration;
			buildSettings = {
				ASSETCATALOG_COMPILER_APPICON_NAME = AppIcon;
				ASSETCATALOG_COMPILER_GLOBAL_ACCENT_COLOR_NAME = AccentColor;
				CODE_SIGN_STYLE = Automatic;
				INFOPLIST_FILE = DatePicker/Info.plist;
				LD_RUNPATH_SEARCH_PATHS = (
					"$(inherited)",
					"@executable_path/Frameworks",
				);
				PRODUCT_BUNDLE_IDENTIFIER = com.inooph.DatePicker;
				PRODUCT_NAME = "$(TARGET_NAME)";
				SWIFT_VERSION = 5.0;
				TARGETED_DEVICE_FAMILY = "1,2";
			};
			name = Release;
		};
		6809615127226E36005A30B0 /* Debug */ = {
			isa = XCBuildConfiguration;
			buildSettings = {
				ALWAYS_EMBED_SWIFT_STANDARD_LIBRARIES = YES;
				BUNDLE_LOADER = "$(TEST_HOST)";
				CODE_SIGN_STYLE = Automatic;
				INFOPLIST_FILE = DatePickerTests/Info.plist;
				IPHONEOS_DEPLOYMENT_TARGET = 14.5;
				LD_RUNPATH_SEARCH_PATHS = (
					"$(inherited)",
					"@executable_path/Frameworks",
					"@loader_path/Frameworks",
				);
				PRODUCT_BUNDLE_IDENTIFIER = com.inooph.DatePickerTests;
				PRODUCT_NAME = "$(TARGET_NAME)";
				SWIFT_VERSION = 5.0;
				TARGETED_DEVICE_FAMILY = "1,2";
				TEST_HOST = "$(BUILT_PRODUCTS_DIR)/DatePicker.app/DatePicker";
			};
			name = Debug;
		};
		6809615227226E36005A30B0 /* Release */ = {
			isa = XCBuildConfiguration;
			buildSettings = {
				ALWAYS_EMBED_SWIFT_STANDARD_LIBRARIES = YES;
				BUNDLE_LOADER = "$(TEST_HOST)";
				CODE_SIGN_STYLE = Automatic;
				INFOPLIST_FILE = DatePickerTests/Info.plist;
				IPHONEOS_DEPLOYMENT_TARGET = 14.5;
				LD_RUNPATH_SEARCH_PATHS = (
					"$(inherited)",
					"@executable_path/Frameworks",
					"@loader_path/Frameworks",
				);
				PRODUCT_BUNDLE_IDENTIFIER = com.inooph.DatePickerTests;
				PRODUCT_NAME = "$(TARGET_NAME)";
				SWIFT_VERSION = 5.0;
				TARGETED_DEVICE_FAMILY = "1,2";
				TEST_HOST = "$(BUILT_PRODUCTS_DIR)/DatePicker.app/DatePicker";
			};
			name = Release;
		};
		6809615427226E36005A30B0 /* Debug */ = {
			isa = XCBuildConfiguration;
			buildSettings = {
				ALWAYS_EMBED_SWIFT_STANDARD_LIBRARIES = YES;
				CODE_SIGN_STYLE = Automatic;
				INFOPLIST_FILE = DatePickerUITests/Info.plist;
				LD_RUNPATH_SEARCH_PATHS = (
					"$(inherited)",
					"@executable_path/Frameworks",
					"@loader_path/Frameworks",
				);
				PRODUCT_BUNDLE_IDENTIFIER = com.inooph.DatePickerUITests;
				PRODUCT_NAME = "$(TARGET_NAME)";
				SWIFT_VERSION = 5.0;
				TARGETED_DEVICE_FAMILY = "1,2";
				TEST_TARGET_NAME = DatePicker;
			};
			name = Debug;
		};
		6809615527226E36005A30B0 /* Release */ = {
			isa = XCBuildConfiguration;
			buildSettings = {
				ALWAYS_EMBED_SWIFT_STANDARD_LIBRARIES = YES;
				CODE_SIGN_STYLE = Automatic;
				INFOPLIST_FILE = DatePickerUITests/Info.plist;
				LD_RUNPATH_SEARCH_PATHS = (
					"$(inherited)",
					"@executable_path/Frameworks",
					"@loader_path/Frameworks",
				);
				PRODUCT_BUNDLE_IDENTIFIER = com.inooph.DatePickerUITests;
				PRODUCT_NAME = "$(TARGET_NAME)";
				SWIFT_VERSION = 5.0;
				TARGETED_DEVICE_FAMILY = "1,2";
				TEST_TARGET_NAME = DatePicker;
			};
			name = Release;
		};
/* End XCBuildConfiguration section */

/* Begin XCConfigurationList section */
		6809611E27226E35005A30B0 /* Build configuration list for PBXProject "DatePicker" */ = {
			isa = XCConfigurationList;
			buildConfigurations = (
				6809614B27226E36005A30B0 /* Debug */,
				6809614C27226E36005A30B0 /* Release */,
			);
			defaultConfigurationIsVisible = 0;
			defaultConfigurationName = Release;
		};
		6809614D27226E36005A30B0 /* Build configuration list for PBXNativeTarget "DatePicker" */ = {
			isa = XCConfigurationList;
			buildConfigurations = (
				6809614E27226E36005A30B0 /* Debug */,
				6809614F27226E36005A30B0 /* Release */,
			);
			defaultConfigurationIsVisible = 0;
			defaultConfigurationName = Release;
		};
		6809615027226E36005A30B0 /* Build configuration list for PBXNativeTarget "DatePickerTests" */ = {
			isa = XCConfigurationList;
			buildConfigurations = (
				6809615127226E36005A30B0 /* Debug */,
				6809615227226E36005A30B0 /* Release */,
			);
			defaultConfigurationIsVisible = 0;
			defaultConfigurationName = Release;
		};
		6809615327226E36005A30B0 /* Build configuration list for PBXNativeTarget "DatePickerUITests" */ = {
			isa = XCConfigurationList;
			buildConfigurations = (
				6809615427226E36005A30B0 /* Debug */,
				6809615527226E36005A30B0 /* Release */,
			);
			defaultConfigurationIsVisible = 0;
			defaultConfigurationName = Release;
		};
/* End XCConfigurationList section */
	};
	rootObject = 6809611B27226E35005A30B0 /* Project object */;
}
