// !$*UTF8*$!
{
	archiveVersion = 1;
	classes = {
	};
	objectVersion = 50;
	objects = {

/* Begin PBXBuildFile section */
		68E91EAF2726CB34003F5D36 /* arrow-right-black.png in Resources */ = {isa = PBXBuildFile; fileRef = 68E91EA72726CB34003F5D36 /* arrow-right-black.png */; };
		68E91EB02726CB34003F5D36 /* arrow-right-red.png in Resources */ = {isa = PBXBuildFile; fileRef = 68E91EA82726CB34003F5D36 /* arrow-right-red.png */; };
		68E91EB12726CB34003F5D36 /* arrow-up-black.png in Resources */ = {isa = PBXBuildFile; fileRef = 68E91EA92726CB34003F5D36 /* arrow-up-black.png */; };
		68E91EB22726CB34003F5D36 /* arrow-down-black.png in Resources */ = {isa = PBXBuildFile; fileRef = 68E91EAA2726CB34003F5D36 /* arrow-down-black.png */; };
		68E91EB32726CB34003F5D36 /* arrow-down-red.png in Resources */ = {isa = PBXBuildFile; fileRef = 68E91EAB2726CB34003F5D36 /* arrow-down-red.png */; };
		68E91EB42726CB34003F5D36 /* arrow-left-black.png in Resources */ = {isa = PBXBuildFile; fileRef = 68E91EAC2726CB34003F5D36 /* arrow-left-black.png */; };
		68E91EB52726CB34003F5D36 /* arrow-left-red.png in Resources */ = {isa = PBXBuildFile; fileRef = 68E91EAD2726CB34003F5D36 /* arrow-left-red.png */; };
		68E91EB62726CB34003F5D36 /* arrow-up-red.png in Resources */ = {isa = PBXBuildFile; fileRef = 68E91EAE2726CB34003F5D36 /* arrow-up-red.png */; };
		68F933AA2726A89700414F0E /* AppDelegate.swift in Sources */ = {isa = PBXBuildFile; fileRef = 68F933A92726A89700414F0E /* AppDelegate.swift */; };
		68F933AC2726A89700414F0E /* SceneDelegate.swift in Sources */ = {isa = PBXBuildFile; fileRef = 68F933AB2726A89700414F0E /* SceneDelegate.swift */; };
		68F933AE2726A89700414F0E /* ViewController.swift in Sources */ = {isa = PBXBuildFile; fileRef = 68F933AD2726A89700414F0E /* ViewController.swift */; };
		68F933B12726A89700414F0E /* Main.storyboard in Resources */ = {isa = PBXBuildFile; fileRef = 68F933AF2726A89700414F0E /* Main.storyboard */; };
		68F933B32726A89700414F0E /* Assets.xcassets in Resources */ = {isa = PBXBuildFile; fileRef = 68F933B22726A89700414F0E /* Assets.xcassets */; };
		68F933B62726A89700414F0E /* LaunchScreen.storyboard in Resources */ = {isa = PBXBuildFile; fileRef = 68F933B42726A89700414F0E /* LaunchScreen.storyboard */; };
/* End PBXBuildFile section */

/* Begin PBXFileReference section */
		68E91EA72726CB34003F5D36 /* arrow-right-black.png */ = {isa = PBXFileReference; lastKnownFileType = image.png; path = "arrow-right-black.png"; sourceTree = "<group>"; };
		68E91EA82726CB34003F5D36 /* arrow-right-red.png */ = {isa = PBXFileReference; lastKnownFileType = image.png; path = "arrow-right-red.png"; sourceTree = "<group>"; };
		68E91EA92726CB34003F5D36 /* arrow-up-black.png */ = {isa = PBXFileReference; lastKnownFileType = image.png; path = "arrow-up-black.png"; sourceTree = "<group>"; };
		68E91EAA2726CB34003F5D36 /* arrow-down-black.png */ = {isa = PBXFileReference; lastKnownFileType = image.png; path = "arrow-down-black.png"; sourceTree = "<group>"; };
		68E91EAB2726CB34003F5D36 /* arrow-down-red.png */ = {isa = PBXFileReference; lastKnownFileType = image.png; path = "arrow-down-red.png"; sourceTree = "<group>"; };
		68E91EAC2726CB34003F5D36 /* arrow-left-black.png */ = {isa = PBXFileReference; lastKnownFileType = image.png; path = "arrow-left-black.png"; sourceTree = "<group>"; };
		68E91EAD2726CB34003F5D36 /* arrow-left-red.png */ = {isa = PBXFileReference; lastKnownFileType = image.png; path = "arrow-left-red.png"; sourceTree = "<group>"; };
		68E91EAE2726CB34003F5D36 /* arrow-up-red.png */ = {isa = PBXFileReference; lastKnownFileType = image.png; path = "arrow-up-red.png"; sourceTree = "<group>"; };
		68F933A62726A89700414F0E /* SwipeGesture.app */ = {isa = PBXFileReference; explicitFileType = wrapper.application; includeInIndex = 0; path = SwipeGesture.app; sourceTree = BUILT_PRODUCTS_DIR; };
		68F933A92726A89700414F0E /* AppDelegate.swift */ = {isa = PBXFileReference; lastKnownFileType = sourcecode.swift; path = AppDelegate.swift; sourceTree = "<group>"; };
		68F933AB2726A89700414F0E /* SceneDelegate.swift */ = {isa = PBXFileReference; lastKnownFileType = sourcecode.swift; path = SceneDelegate.swift; sourceTree = "<group>"; };
		68F933AD2726A89700414F0E /* ViewController.swift */ = {isa = PBXFileReference; lastKnownFileType = sourcecode.swift; path = ViewController.swift; sourceTree = "<group>"; };
		68F933B02726A89700414F0E /* Base */ = {isa = PBXFileReference; lastKnownFileType = file.storyboard; name = Base; path = Base.lproj/Main.storyboard; sourceTree = "<group>"; };
		68F933B22726A89700414F0E /* Assets.xcassets */ = {isa = PBXFileReference; lastKnownFileType = folder.assetcatalog; path = Assets.xcassets; sourceTree = "<group>"; };
		68F933B52726A89700414F0E /* Base */ = {isa = PBXFileReference; lastKnownFileType = file.storyboard; name = Base; path = Base.lproj/LaunchScreen.storyboard; sourceTree = "<group>"; };
		68F933B72726A89700414F0E /* Info.plist */ = {isa = PBXFileReference; lastKnownFileType = text.plist.xml; path = Info.plist; sourceTree = "<group>"; };
/* End PBXFileReference section */

/* Begin PBXFrameworksBuildPhase section */
		68F933A32726A89700414F0E /* Frameworks */ = {
			isa = PBXFrameworksBuildPhase;
			buildActionMask = 2147483647;
			files = (
			);
			runOnlyForDeploymentPostprocessing = 0;
		};
/* End PBXFrameworksBuildPhase section */

/* Begin PBXGroup section */
		68E91EA62726CB18003F5D36 /* images */ = {
			isa = PBXGroup;
			children = (
				68E91EAA2726CB34003F5D36 /* arrow-down-black.png */,
				68E91EAB2726CB34003F5D36 /* arrow-down-red.png */,
				68E91EAC2726CB34003F5D36 /* arrow-left-black.png */,
				68E91EAD2726CB34003F5D36 /* arrow-left-red.png */,
				68E91EA72726CB34003F5D36 /* arrow-right-black.png */,
				68E91EA82726CB34003F5D36 /* arrow-right-red.png */,
				68E91EA92726CB34003F5D36 /* arrow-up-black.png */,
				68E91EAE2726CB34003F5D36 /* arrow-up-red.png */,
			);
			path = images;
			sourceTree = "<group>";
		};
		68F9339D2726A89700414F0E = {
			isa = PBXGroup;
			children = (
				68F933A82726A89700414F0E /* SwipeGesture */,
				68F933A72726A89700414F0E /* Products */,
			);
			sourceTree = "<group>";
		};
		68F933A72726A89700414F0E /* Products */ = {
			isa = PBXGroup;
			children = (
				68F933A62726A89700414F0E /* SwipeGesture.app */,
			);
			name = Products;
			sourceTree = "<group>";
		};
		68F933A82726A89700414F0E /* SwipeGesture */ = {
			isa = PBXGroup;
			children = (
				68E91EA62726CB18003F5D36 /* images */,
				68F933A92726A89700414F0E /* AppDelegate.swift */,
				68F933AB2726A89700414F0E /* SceneDelegate.swift */,
				68F933AD2726A89700414F0E /* ViewController.swift */,
				68F933AF2726A89700414F0E /* Main.storyboard */,
				68F933B22726A89700414F0E /* Assets.xcassets */,
				68F933B42726A89700414F0E /* LaunchScreen.storyboard */,
				68F933B72726A89700414F0E /* Info.plist */,
			);
			path = SwipeGesture;
			sourceTree = "<group>";
		};
/* End PBXGroup section */

/* Begin PBXNativeTarget section */
		68F933A52726A89700414F0E /* SwipeGesture */ = {
			isa = PBXNativeTarget;
			buildConfigurationList = 68F933BA2726A89700414F0E /* Build configuration list for PBXNativeTarget "SwipeGesture" */;
			buildPhases = (
				68F933A22726A89700414F0E /* Sources */,
				68F933A32726A89700414F0E /* Frameworks */,
				68F933A42726A89700414F0E /* Resources */,
			);
			buildRules = (
			);
			dependencies = (
			);
			name = SwipeGesture;
			productName = SwipeGesture;
			productReference = 68F933A62726A89700414F0E /* SwipeGesture.app */;
			productType = "com.apple.product-type.application";
		};
/* End PBXNativeTarget section */

/* Begin PBXProject section */
		68F9339E2726A89700414F0E /* Project object */ = {
			isa = PBXProject;
			attributes = {
				LastSwiftUpdateCheck = 1250;
				LastUpgradeCheck = 1250;
				TargetAttributes = {
					68F933A52726A89700414F0E = {
						CreatedOnToolsVersion = 12.5;
					};
				};
			};
			buildConfigurationList = 68F933A12726A89700414F0E /* Build configuration list for PBXProject "SwipeGesture" */;
			compatibilityVersion = "Xcode 9.3";
			developmentRegion = en;
			hasScannedForEncodings = 0;
			knownRegions = (
				en,
				Base,
			);
			mainGroup = 68F9339D2726A89700414F0E;
			productRefGroup = 68F933A72726A89700414F0E /* Products */;
			projectDirPath = "";
			projectRoot = "";
			targets = (
				68F933A52726A89700414F0E /* SwipeGesture */,
			);
		};
/* End PBXProject section */

/* Begin PBXResourcesBuildPhase section */
		68F933A42726A89700414F0E /* Resources */ = {
			isa = PBXResourcesBuildPhase;
			buildActionMask = 2147483647;
			files = (
				68E91EB02726CB34003F5D36 /* arrow-right-red.png in Resources */,
				68E91EB62726CB34003F5D36 /* arrow-up-red.png in Resources */,
				68E91EAF2726CB34003F5D36 /* arrow-right-black.png in Resources */,
				68E91EB52726CB34003F5D36 /* arrow-left-red.png in Resources */,
				68E91EB12726CB34003F5D36 /* arrow-up-black.png in Resources */,
				68E91EB42726CB34003F5D36 /* arrow-left-black.png in Resources */,
				68F933B62726A89700414F0E /* LaunchScreen.storyboard in Resources */,
				68E91EB22726CB34003F5D36 /* arrow-down-black.png in Resources */,
				68E91EB32726CB34003F5D36 /* arrow-down-red.png in Resources */,
				68F933B32726A89700414F0E /* Assets.xcassets in Resources */,
				68F933B12726A89700414F0E /* Main.storyboard in Resources */,
			);
			runOnlyForDeploymentPostprocessing = 0;
		};
/* End PBXResourcesBuildPhase section */

/* Begin PBXSourcesBuildPhase section */
		68F933A22726A89700414F0E /* Sources */ = {
			isa = PBXSourcesBuildPhase;
			buildActionMask = 2147483647;
			files = (
				68F933AE2726A89700414F0E /* ViewController.swift in Sources */,
				68F933AA2726A89700414F0E /* AppDelegate.swift in Sources */,
				68F933AC2726A89700414F0E /* SceneDelegate.swift in Sources */,
			);
			runOnlyForDeploymentPostprocessing = 0;
		};
/* End PBXSourcesBuildPhase section */

/* Begin PBXVariantGroup section */
		68F933AF2726A89700414F0E /* Main.storyboard */ = {
			isa = PBXVariantGroup;
			children = (
				68F933B02726A89700414F0E /* Base */,
			);
			name = Main.storyboard;
			sourceTree = "<group>";
		};
		68F933B42726A89700414F0E /* LaunchScreen.storyboard */ = {
			isa = PBXVariantGroup;
			children = (
				68F933B52726A89700414F0E /* Base */,
			);
			name = LaunchScreen.storyboard;
			sourceTree = "<group>";
		};
/* End PBXVariantGroup section */

/* Begin XCBuildConfiguration section */
		68F933B82726A89700414F0E /* Debug */ = {
			isa = XCBuildConfiguration;
			buildSettings = {
				ALWAYS_SEARCH_USER_PATHS = NO;
				CLANG_ANALYZER_NONNULL = YES;
				CLANG_ANALYZER_NUMBER_OBJECT_CONVERSION = YES_AGGRESSIVE;
				CLANG_CXX_LANGUAGE_STANDARD = "gnu++14";
				CLANG_CXX_LIBRARY = "libc++";
				CLANG_ENABLE_MODULES = YES;
				CLANG_ENABLE_OBJC_ARC = YES;
				CLANG_ENABLE_OBJC_WEAK = YES;
				CLANG_WARN_BLOCK_CAPTURE_AUTORELEASING = YES;
				CLANG_WARN_BOOL_CONVERSION = YES;
				CLANG_WARN_COMMA = YES;
				CLANG_WARN_CONSTANT_CONVERSION = YES;
				CLANG_WARN_DEPRECATED_OBJC_IMPLEMENTATIONS = YES;
				CLANG_WARN_DIRECT_OBJC_ISA_USAGE = YES_ERROR;
				CLANG_WARN_DOCUMENTATION_COMMENTS = YES;
				CLANG_WARN_EMPTY_BODY = YES;
				CLANG_WARN_ENUM_CONVERSION = YES;
				CLANG_WARN_INFINITE_RECURSION = YES;
				CLANG_WARN_INT_CONVERSION = YES;
				CLANG_WARN_NON_LITERAL_NULL_CONVERSION = YES;
				CLANG_WARN_OBJC_IMPLICIT_RETAIN_SELF = YES;
				CLANG_WARN_OBJC_LITERAL_CONVERSION = YES;
				CLANG_WARN_OBJC_ROOT_CLASS = YES_ERROR;
				CLANG_WARN_QUOTED_INCLUDE_IN_FRAMEWORK_HEADER = YES;
				CLANG_WARN_RANGE_LOOP_ANALYSIS = YES;
				CLANG_WARN_STRICT_PROTOTYPES = YES;
				CLANG_WARN_SUSPICIOUS_MOVE = YES;
				CLANG_WARN_UNGUARDED_AVAILABILITY = YES_AGGRESSIVE;
				CLANG_WARN_UNREACHABLE_CODE = YES;
				CLANG_WARN__DUPLICATE_METHOD_MATCH = YES;
				COPY_PHASE_STRIP = NO;
				DEBUG_INFORMATION_FORMAT = dwarf;
				ENABLE_STRICT_OBJC_MSGSEND = YES;
				ENABLE_TESTABILITY = YES;
				GCC_C_LANGUAGE_STANDARD = gnu11;
				GCC_DYNAMIC_NO_PIC = NO;
				GCC_NO_COMMON_BLOCKS = YES;
				GCC_OPTIMIZATION_LEVEL = 0;
				GCC_PREPROCESSOR_DEFINITIONS = (
					"DEBUG=1",
					"$(inherited)",
				);
				GCC_WARN_64_TO_32_BIT_CONVERSION = YES;
				GCC_WARN_ABOUT_RETURN_TYPE = YES_ERROR;
				GCC_WARN_UNDECLARED_SELECTOR = YES;
				GCC_WARN_UNINITIALIZED_AUTOS = YES_AGGRESSIVE;
				GCC_WARN_UNUSED_FUNCTION = YES;
				GCC_WARN_UNUSED_VARIABLE = YES;
				IPHONEOS_DEPLOYMENT_TARGET = 14.5;
				MTL_ENABLE_DEBUG_INFO = INCLUDE_SOURCE;
				MTL_FAST_MATH = YES;
				ONLY_ACTIVE_ARCH = YES;
				SDKROOT = iphoneos;
				SWIFT_ACTIVE_COMPILATION_CONDITIONS = DEBUG;
				SWIFT_OPTIMIZATION_LEVEL = "-Onone";
			};
			name = Debug;
		};
		68F933B92726A89700414F0E /* Release */ = {
			isa = XCBuildConfiguration;
			buildSettings = {
				ALWAYS_SEARCH_USER_PATHS = NO;
				CLANG_ANALYZER_NONNULL = YES;
				CLANG_ANALYZER_NUMBER_OBJECT_CONVERSION = YES_AGGRESSIVE;
				CLANG_CXX_LANGUAGE_STANDARD = "gnu++14";
				CLANG_CXX_LIBRARY = "libc++";
				CLANG_ENABLE_MODULES = YES;
				CLANG_ENABLE_OBJC_ARC = YES;
				CLANG_ENABLE_OBJC_WEAK = YES;
				CLANG_WARN_BLOCK_CAPTURE_AUTORELEASING = YES;
				CLANG_WARN_BOOL_CONVERSION = YES;
				CLANG_WARN_COMMA = YES;
				CLANG_WARN_CONSTANT_CONVERSION = YES;
				CLANG_WARN_DEPRECATED_OBJC_IMPLEMENTATIONS = YES;
				CLANG_WARN_DIRECT_OBJC_ISA_USAGE = YES_ERROR;
				CLANG_WARN_DOCUMENTATION_COMMENTS = YES;
				CLANG_WARN_EMPTY_BODY = YES;
				CLANG_WARN_ENUM_CONVERSION = YES;
				CLANG_WARN_INFINITE_RECURSION = YES;
				CLANG_WARN_INT_CONVERSION = YES;
				CLANG_WARN_NON_LITERAL_NULL_CONVERSION = YES;
				CLANG_WARN_OBJC_IMPLICIT_RETAIN_SELF = YES;
				CLANG_WARN_OBJC_LITERAL_CONVERSION = YES;
				CLANG_WARN_OBJC_ROOT_CLASS = YES_ERROR;
				CLANG_WARN_QUOTED_INCLUDE_IN_FRAMEWORK_HEADER = YES;
				CLANG_WARN_RANGE_LOOP_ANALYSIS = YES;
				CLANG_WARN_STRICT_PROTOTYPES = YES;
				CLANG_WARN_SUSPICIOUS_MOVE = YES;
				CLANG_WARN_UNGUARDED_AVAILABILITY = YES_AGGRESSIVE;
				CLANG_WARN_UNREACHABLE_CODE = YES;
				CLANG_WARN__DUPLICATE_METHOD_MATCH = YES;
				COPY_PHASE_STRIP = NO;
				DEBUG_INFORMATION_FORMAT = "dwarf-with-dsym";
				ENABLE_NS_ASSERTIONS = NO;
				ENABLE_STRICT_OBJC_MSGSEND = YES;
				GCC_C_LANGUAGE_STANDARD = gnu11;
				GCC_NO_COMMON_BLOCKS = YES;
				GCC_WARN_64_TO_32_BIT_CONVERSION = YES;
				GCC_WARN_ABOUT_RETURN_TYPE = YES_ERROR;
				GCC_WARN_UNDECLARED_SELECTOR = YES;
				GCC_WARN_UNINITIALIZED_AUTOS = YES_AGGRESSIVE;
				GCC_WARN_UNUSED_FUNCTION = YES;
				GCC_WARN_UNUSED_VARIABLE = YES;
				IPHONEOS_DEPLOYMENT_TARGET = 14.5;
				MTL_ENABLE_DEBUG_INFO = NO;
				MTL_FAST_MATH = YES;
				SDKROOT = iphoneos;
				SWIFT_COMPILATION_MODE = wholemodule;
				SWIFT_OPTIMIZATION_LEVEL = "-O";
				VALIDATE_PRODUCT = YES;
			};
			name = Release;
		};
		68F933BB2726A89700414F0E /* Debug */ = {
			isa = XCBuildConfiguration;
			buildSettings = {
				ASSETCATALOG_COMPILER_APPICON_NAME = AppIcon;
				ASSETCATALOG_COMPILER_GLOBAL_ACCENT_COLOR_NAME = AccentColor;
				CODE_SIGN_STYLE = Automatic;
				DEVELOPMENT_TEAM = X2BFJ3XDTG;
				INFOPLIST_FILE = SwipeGesture/Info.plist;
				LD_RUNPATH_SEARCH_PATHS = (
					"$(inherited)",
					"@executable_path/Frameworks",
				);
				PRODUCT_BUNDLE_IDENTIFIER = com.inooph.SwipeGesture;
				PRODUCT_NAME = "$(TARGET_NAME)";
				SWIFT_VERSION = 5.0;
				TARGETED_DEVICE_FAMILY = "1,2";
			};
			name = Debug;
		};
		68F933BC2726A89700414F0E /* Release */ = {
			isa = XCBuildConfiguration;
			buildSettings = {
				ASSETCATALOG_COMPILER_APPICON_NAME = AppIcon;
				ASSETCATALOG_COMPILER_GLOBAL_ACCENT_COLOR_NAME = AccentColor;
				CODE_SIGN_STYLE = Automatic;
				DEVELOPMENT_TEAM = X2BFJ3XDTG;
				INFOPLIST_FILE = SwipeGesture/Info.plist;
				LD_RUNPATH_SEARCH_PATHS = (
					"$(inherited)",
					"@executable_path/Frameworks",
				);
				PRODUCT_BUNDLE_IDENTIFIER = com.inooph.SwipeGesture;
				PRODUCT_NAME = "$(TARGET_NAME)";
				SWIFT_VERSION = 5.0;
				TARGETED_DEVICE_FAMILY = "1,2";
			};
			name = Release;
		};
/* End XCBuildConfiguration section */

/* Begin XCConfigurationList section */
		68F933A12726A89700414F0E /* Build configuration list for PBXProject "SwipeGesture" */ = {
			isa = XCConfigurationList;
			buildConfigurations = (
				68F933B82726A89700414F0E /* Debug */,
				68F933B92726A89700414F0E /* Release */,
			);
			defaultConfigurationIsVisible = 0;
			defaultConfigurationName = Release;
		};
		68F933BA2726A89700414F0E /* Build configuration list for PBXNativeTarget "SwipeGesture" */ = {
			isa = XCConfigurationList;
			buildConfigurations = (
				68F933BB2726A89700414F0E /* Debug */,
				68F933BC2726A89700414F0E /* Release */,
			);
			defaultConfigurationIsVisible = 0;
			defaultConfigurationName = Release;
		};
/* End XCConfigurationList section */
	};
	rootObject = 68F9339E2726A89700414F0E /* Project object */;
}
